// !$*UTF8*$!
{
	archiveVersion = 1;
	classes = {
	};
	objectVersion = 55;
	objects = {

/* Begin PBXBuildFile section */
		D70E8F962874511700D57D25 /* NavigationBar.swift in Sources */ = {isa = PBXBuildFile; fileRef = D70E8F952874511700D57D25 /* NavigationBar.swift */; };
		D70E8F9828747D2800D57D25 /* ExploreView.swift in Sources */ = {isa = PBXBuildFile; fileRef = D70E8F9728747D2800D57D25 /* ExploreView.swift */; };
		D743C55F286B76D000A42B18 /* AppEntry.swift in Sources */ = {isa = PBXBuildFile; fileRef = D743C55E286B76D000A42B18 /* AppEntry.swift */; };
		D743C561286B76D000A42B18 /* ContentView.swift in Sources */ = {isa = PBXBuildFile; fileRef = D743C560286B76D000A42B18 /* ContentView.swift */; };
		D743C563286B76D100A42B18 /* Assets.xcassets in Resources */ = {isa = PBXBuildFile; fileRef = D743C562286B76D100A42B18 /* Assets.xcassets */; };
		D743C566286B76D100A42B18 /* Preview Assets.xcassets in Resources */ = {isa = PBXBuildFile; fileRef = D743C565286B76D100A42B18 /* Preview Assets.xcassets */; };
		D743C570286B76D100A42B18 /* ACCV8Tests.swift in Sources */ = {isa = PBXBuildFile; fileRef = D743C56F286B76D100A42B18 /* ACCV8Tests.swift */; };
		D743C57A286B76D100A42B18 /* ACCV8UITests.swift in Sources */ = {isa = PBXBuildFile; fileRef = D743C579286B76D100A42B18 /* ACCV8UITests.swift */; };
		D743C57C286B76D100A42B18 /* ACCV8UITestsLaunchTests.swift in Sources */ = {isa = PBXBuildFile; fileRef = D743C57B286B76D100A42B18 /* ACCV8UITestsLaunchTests.swift */; };
		D79CD2D1287036EE00E7C83E /* GradientTextField.swift in Sources */ = {isa = PBXBuildFile; fileRef = D79CD2D0287036EE00E7C83E /* GradientTextField.swift */; };
		D7A2106A286C0D5000918807 /* Realm in Frameworks */ = {isa = PBXBuildFile; productRef = D7A21069286C0D5000918807 /* Realm */; };
		D7A2106C286C0D5000918807 /* RealmSwift in Frameworks */ = {isa = PBXBuildFile; productRef = D7A2106B286C0D5000918807 /* RealmSwift */; };
		D7A2106E286C0E1300918807 /* Reps.swift in Sources */ = {isa = PBXBuildFile; fileRef = D7A2106D286C0E1300918807 /* Reps.swift */; };
		D7A21070286C0F5E00918807 /* UserPreferences.swift in Sources */ = {isa = PBXBuildFile; fileRef = D7A2106F286C0F5E00918807 /* UserPreferences.swift */; };
		D7A21072286C0F8200918807 /* Photo.swift in Sources */ = {isa = PBXBuildFile; fileRef = D7A21071286C0F8200918807 /* Photo.swift */; };
		D7A21074286C0FB900918807 /* Conversation.swift in Sources */ = {isa = PBXBuildFile; fileRef = D7A21073286C0FB900918807 /* Conversation.swift */; };
		D7A21076286C0FEB00918807 /* Member.swift in Sources */ = {isa = PBXBuildFile; fileRef = D7A21075286C0FEB00918807 /* Member.swift */; };
		D7A21078286C100F00918807 /* Chatster.swift in Sources */ = {isa = PBXBuildFile; fileRef = D7A21077286C100F00918807 /* Chatster.swift */; };
		D7A2107A286C306300918807 /* ChatMessage.swift in Sources */ = {isa = PBXBuildFile; fileRef = D7A21079286C306300918807 /* ChatMessage.swift */; };
		D7A2107C286C30B100918807 /* Procedures.swift in Sources */ = {isa = PBXBuildFile; fileRef = D7A2107B286C30B100918807 /* Procedures.swift */; };
		D7A2107E286C311600918807 /* ProcedureReport.swift in Sources */ = {isa = PBXBuildFile; fileRef = D7A2107D286C311600918807 /* ProcedureReport.swift */; };
		D7A21080286C321100918807 /* RevenueReport.swift in Sources */ = {isa = PBXBuildFile; fileRef = D7A2107F286C321100918807 /* RevenueReport.swift */; };
		D7A21082286C3CD700918807 /* Centre.swift in Sources */ = {isa = PBXBuildFile; fileRef = D7A21081286C3CD700918807 /* Centre.swift */; };
		D7A21084286C3D2200918807 /* Coordinates.swift in Sources */ = {isa = PBXBuildFile; fileRef = D7A21083286C3D2200918807 /* Coordinates.swift */; };
		D7A21086286C3DCD00918807 /* Projects.swift in Sources */ = {isa = PBXBuildFile; fileRef = D7A21085286C3DCD00918807 /* Projects.swift */; };
		D7A21088286C3DEE00918807 /* Tasks.swift in Sources */ = {isa = PBXBuildFile; fileRef = D7A21087286C3DEE00918807 /* Tasks.swift */; };
		D7A2108B286C553900918807 /* OpenRealmView.swift in Sources */ = {isa = PBXBuildFile; fileRef = D7A2108A286C553900918807 /* OpenRealmView.swift */; };
		D7A2108D286C56E500918807 /* LoginView.swift in Sources */ = {isa = PBXBuildFile; fileRef = D7A2108C286C56E500918807 /* LoginView.swift */; };
		D7A2108F286C570500918807 /* LoggedInView.swift in Sources */ = {isa = PBXBuildFile; fileRef = D7A2108E286C570500918807 /* LoggedInView.swift */; };
		D7A21091286C578000918807 /* ErrorView.swift in Sources */ = {isa = PBXBuildFile; fileRef = D7A21090286C578000918807 /* ErrorView.swift */; };
		D7A21093286C57AE00918807 /* LogoutButton.swift in Sources */ = {isa = PBXBuildFile; fileRef = D7A21092286C57AE00918807 /* LogoutButton.swift */; };
		D7A21095286D393D00918807 /* VisualEffectBlur.swift in Sources */ = {isa = PBXBuildFile; fileRef = D7A21094286D393D00918807 /* VisualEffectBlur.swift */; };
		D7A21098286D399800918807 /* ImagePicker.swift in Sources */ = {isa = PBXBuildFile; fileRef = D7A21097286D399800918807 /* ImagePicker.swift */; };
		D7A2109A286D3A5600918807 /* SignUpView.swift in Sources */ = {isa = PBXBuildFile; fileRef = D7A21099286D3A5600918807 /* SignUpView.swift */; };
		D7A2109D286D7E6500918807 /* GradientText.swift in Sources */ = {isa = PBXBuildFile; fileRef = D7A2109C286D7E6500918807 /* GradientText.swift */; };
		D7A2109F286DA88600918807 /* GradientButton.swift in Sources */ = {isa = PBXBuildFile; fileRef = D7A2109E286DA88600918807 /* GradientButton.swift */; };
		D7A210A1286DACFE00918807 /* TextFieldIcon.swift in Sources */ = {isa = PBXBuildFile; fileRef = D7A210A0286DACFE00918807 /* TextFieldIcon.swift */; };
		D7A210A3286DAD4500918807 /* GradientIcon.swift in Sources */ = {isa = PBXBuildFile; fileRef = D7A210A2286DAD4500918807 /* GradientIcon.swift */; };
		D7A210A5286DF70100918807 /* SignInWithAppleButton.swift in Sources */ = {isa = PBXBuildFile; fileRef = D7A210A4286DF70100918807 /* SignInWithAppleButton.swift */; };
		D7A210A7286E12A800918807 /* Model.swift in Sources */ = {isa = PBXBuildFile; fileRef = D7A210A6286E12A800918807 /* Model.swift */; };
		D7A210A9286E12EA00918807 /* Tab.swift in Sources */ = {isa = PBXBuildFile; fileRef = D7A210A8286E12EA00918807 /* Tab.swift */; };
		D7A210AB286E192400918807 /* TabBar.swift in Sources */ = {isa = PBXBuildFile; fileRef = D7A210AA286E192400918807 /* TabBar.swift */; };
		D7A210AD286E19F700918807 /* PreferenceKey.swift in Sources */ = {isa = PBXBuildFile; fileRef = D7A210AC286E19F700918807 /* PreferenceKey.swift */; };
		D7A210AF286E1AED00918807 /* Modifiers.swift in Sources */ = {isa = PBXBuildFile; fileRef = D7A210AE286E1AED00918807 /* Modifiers.swift */; };
		D7A210B1286E1B4800918807 /* Animations.swift in Sources */ = {isa = PBXBuildFile; fileRef = D7A210B0286E1B4800918807 /* Animations.swift */; };
		D7A210B6286E81D700918807 /* ReportsView.swift in Sources */ = {isa = PBXBuildFile; fileRef = D7A210B5286E81D700918807 /* ReportsView.swift */; };
		D7A210B8286E820A00918807 /* ChatView.swift in Sources */ = {isa = PBXBuildFile; fileRef = D7A210B7286E820A00918807 /* ChatView.swift */; };
		D7A210BA286E822500918807 /* ProjectsView.swift in Sources */ = {isa = PBXBuildFile; fileRef = D7A210B9286E822500918807 /* ProjectsView.swift */; };
		D7A210BE286EABB800918807 /* AnimatableFontModifier.swift in Sources */ = {isa = PBXBuildFile; fileRef = D7A210BD286EABB800918807 /* AnimatableFontModifier.swift */; };
		D7A210C1286EACB500918807 /* Course.swift in Sources */ = {isa = PBXBuildFile; fileRef = D7A210C0286EACB500918807 /* Course.swift */; };
		D7A210C3286EACEE00918807 /* CourseSection.swift in Sources */ = {isa = PBXBuildFile; fileRef = D7A210C2286EACEE00918807 /* CourseSection.swift */; };
		D7A210C5286EAD1100918807 /* Topic.swift in Sources */ = {isa = PBXBuildFile; fileRef = D7A210C4286EAD1100918807 /* Topic.swift */; };
		D7A210C7286EAD3400918807 /* Handbook.swift in Sources */ = {isa = PBXBuildFile; fileRef = D7A210C6286EAD3400918807 /* Handbook.swift */; };
		D7A210C9286EAE1700918807 /* FeaturedItem.swift in Sources */ = {isa = PBXBuildFile; fileRef = D7A210C8286EAE1700918807 /* FeaturedItem.swift */; };
		D7A210CB286EAE4800918807 /* SmallCourseItem.swift in Sources */ = {isa = PBXBuildFile; fileRef = D7A210CA286EAE4800918807 /* SmallCourseItem.swift */; };
		D7A210CD286EAE7200918807 /* HandbookItem.swift in Sources */ = {isa = PBXBuildFile; fileRef = D7A210CC286EAE7200918807 /* HandbookItem.swift */; };
		D7A210D1286EAEC300918807 /* ListRow.swift in Sources */ = {isa = PBXBuildFile; fileRef = D7A210D0286EAEC300918807 /* ListRow.swift */; };
		D7A210D3286EAEE700918807 /* SectionRow.swift in Sources */ = {isa = PBXBuildFile; fileRef = D7A210D2286EAEE700918807 /* SectionRow.swift */; };
		D7A210D5286EAF1600918807 /* CertificateView.swift in Sources */ = {isa = PBXBuildFile; fileRef = D7A210D4286EAF1600918807 /* CertificateView.swift */; };
		D7A210D7286EB91C00918807 /* AngularButton.swift in Sources */ = {isa = PBXBuildFile; fileRef = D7A210D6286EB91C00918807 /* AngularButton.swift */; };
		D7A210D9286EB93E00918807 /* CloseButton.swift in Sources */ = {isa = PBXBuildFile; fileRef = D7A210D8286EB93E00918807 /* CloseButton.swift */; };
		D7A210DB286EB97700918807 /* PlayButton.swift in Sources */ = {isa = PBXBuildFile; fileRef = D7A210DA286EB97700918807 /* PlayButton.swift */; };
		D7A210DD286EB99E00918807 /* LogoView.swift in Sources */ = {isa = PBXBuildFile; fileRef = D7A210DC286EB99E00918807 /* LogoView.swift */; };
		D7A210DF286EB9C300918807 /* CircularView.swift in Sources */ = {isa = PBXBuildFile; fileRef = D7A210DE286EB9C300918807 /* CircularView.swift */; };
		D7A210E1286EB9E400918807 /* Wave.swift in Sources */ = {isa = PBXBuildFile; fileRef = D7A210E0286EB9E400918807 /* Wave.swift */; };
		D7A210E3286EBA0D00918807 /* AnimatedBlobView.swift in Sources */ = {isa = PBXBuildFile; fileRef = D7A210E2286EBA0D00918807 /* AnimatedBlobView.swift */; };
		D7A210E5286EBA2A00918807 /* HexagonView.swift in Sources */ = {isa = PBXBuildFile; fileRef = D7A210E4286EBA2A00918807 /* HexagonView.swift */; };
		D7A210E7286EBAB800918807 /* TextFieldModifier.swift in Sources */ = {isa = PBXBuildFile; fileRef = D7A210E6286EBAB800918807 /* TextFieldModifier.swift */; };
		D7A210E9286EBAF900918807 /* ColorExtension.swift in Sources */ = {isa = PBXBuildFile; fileRef = D7A210E8286EBAF900918807 /* ColorExtension.swift */; };
		D7A210EB286EBB3F00918807 /* SectionTitleModifier.swift in Sources */ = {isa = PBXBuildFile; fileRef = D7A210EA286EBB3F00918807 /* SectionTitleModifier.swift */; };
		D7A210ED286EBD4B00918807 /* SectionView.swift in Sources */ = {isa = PBXBuildFile; fileRef = D7A210EC286EBD4B00918807 /* SectionView.swift */; };
		D7A210F1286EF14A00918807 /* GradientProfilePicture.swift in Sources */ = {isa = PBXBuildFile; fileRef = D7A210F0286EF14A00918807 /* GradientProfilePicture.swift */; };
		D7A210F3286F020000918807 /* AccountView.swift in Sources */ = {isa = PBXBuildFile; fileRef = D7A210F2286F020000918807 /* AccountView.swift */; };
		D7A210F7286F146200918807 /* PhotoCaptureController.swift in Sources */ = {isa = PBXBuildFile; fileRef = D7A210F6286F146200918807 /* PhotoCaptureController.swift */; };
		D7A210FA286F16D600918807 /* SampleData.swift in Sources */ = {isa = PBXBuildFile; fileRef = D7A210F9286F16D600918807 /* SampleData.swift */; };
		D7A210FC286F18D700918807 /* PreviewHelpers.swift in Sources */ = {isa = PBXBuildFile; fileRef = D7A210FB286F18D700918807 /* PreviewHelpers.swift */; };
		D7A210FE286F19D600918807 /* BlankPersonIconView.swift in Sources */ = {isa = PBXBuildFile; fileRef = D7A210FD286F19D600918807 /* BlankPersonIconView.swift */; };
		D7A21100286F1A0700918807 /* AvatarButton.swift in Sources */ = {isa = PBXBuildFile; fileRef = D7A210FF286F1A0700918807 /* AvatarButton.swift */; };
		D7A21102286F1A4500918807 /* PhotoFullSizeView.swift in Sources */ = {isa = PBXBuildFile; fileRef = D7A21101286F1A4500918807 /* PhotoFullSizeView.swift */; };
		D7A21104286F1AA000918807 /* AvatarThumbNailView.swift in Sources */ = {isa = PBXBuildFile; fileRef = D7A21103286F1AA000918807 /* AvatarThumbNailView.swift */; };
		D7A21106286F1AD400918807 /* ThumbNailView.swift in Sources */ = {isa = PBXBuildFile; fileRef = D7A21105286F1AD400918807 /* ThumbNailView.swift */; };
		D7A21108286F1AFF00918807 /* ThumbnailWithDelete.swift in Sources */ = {isa = PBXBuildFile; fileRef = D7A21107286F1AFF00918807 /* ThumbnailWithDelete.swift */; };
		D7A2110A286F1B3B00918807 /* Thumbnail.swift in Sources */ = {isa = PBXBuildFile; fileRef = D7A21109286F1B3B00918807 /* Thumbnail.swift */; };
		D7A2110C286F1B5D00918807 /* ThumbnailPhotoView.swift in Sources */ = {isa = PBXBuildFile; fileRef = D7A2110B286F1B5D00918807 /* ThumbnailPhotoView.swift */; };
		D7A2110E286F1B8100918807 /* UIImageThumb.swift in Sources */ = {isa = PBXBuildFile; fileRef = D7A2110D286F1B8100918807 /* UIImageThumb.swift */; };
		D7A21110286F1BA900918807 /* ThumbnailWithExpand.swift in Sources */ = {isa = PBXBuildFile; fileRef = D7A2110F286F1BA900918807 /* ThumbnailWithExpand.swift */; };
		D7A21126286F1C8D00918807 /* OnOffCircleView.swift in Sources */ = {isa = PBXBuildFile; fileRef = D7A21113286F1C8C00918807 /* OnOffCircleView.swift */; };
		D7A21127286F1C8D00918807 /* CaptionLabel.swift in Sources */ = {isa = PBXBuildFile; fileRef = D7A21114286F1C8C00918807 /* CaptionLabel.swift */; };
		D7A21128286F1C8D00918807 /* ButtonTemplate.swift in Sources */ = {isa = PBXBuildFile; fileRef = D7A21115286F1C8C00918807 /* ButtonTemplate.swift */; };
		D7A21129286F1C8D00918807 /* DeleteButton.swift in Sources */ = {isa = PBXBuildFile; fileRef = D7A21116286F1C8C00918807 /* DeleteButton.swift */; };
		D7A2112A286F1C8D00918807 /* LocationButton.swift in Sources */ = {isa = PBXBuildFile; fileRef = D7A21117286F1C8C00918807 /* LocationButton.swift */; };
		D7A2112B286F1C8D00918807 /* UserProfileButton.swift in Sources */ = {isa = PBXBuildFile; fileRef = D7A21118286F1C8C00918807 /* UserProfileButton.swift */; };
		D7A2112C286F1C8D00918807 /* AttachButton.swift in Sources */ = {isa = PBXBuildFile; fileRef = D7A21119286F1C8D00918807 /* AttachButton.swift */; };
		D7A2112D286F1C8D00918807 /* CallToActionButton.swift in Sources */ = {isa = PBXBuildFile; fileRef = D7A2111A286F1C8D00918807 /* CallToActionButton.swift */; };
		D7A2112E286F1C8D00918807 /* OnlineAlertSettings.swift in Sources */ = {isa = PBXBuildFile; fileRef = D7A2111B286F1C8D00918807 /* OnlineAlertSettings.swift */; };
		D7A2112F286F1C8D00918807 /* BackButton.swift in Sources */ = {isa = PBXBuildFile; fileRef = D7A2111C286F1C8D00918807 /* BackButton.swift */; };
		D7A21130286F1C8D00918807 /* CheckBox.swift in Sources */ = {isa = PBXBuildFile; fileRef = D7A2111D286F1C8D00918807 /* CheckBox.swift */; };
		D7A21131286F1C8D00918807 /* MarkDown.swift in Sources */ = {isa = PBXBuildFile; fileRef = D7A2111E286F1C8D00918807 /* MarkDown.swift */; };
		D7A21132286F1C8D00918807 /* SearchBox.swift in Sources */ = {isa = PBXBuildFile; fileRef = D7A2111F286F1C8D00918807 /* SearchBox.swift */; };
		D7A21133286F1C8D00918807 /* TextDate.swift in Sources */ = {isa = PBXBuildFile; fileRef = D7A21120286F1C8D00918807 /* TextDate.swift */; };
		D7A21134286F1C8D00918807 /* CameraButton.swift in Sources */ = {isa = PBXBuildFile; fileRef = D7A21121286F1C8D00918807 /* CameraButton.swift */; };
		D7A21135286F1C8D00918807 /* LabeledText.swift in Sources */ = {isa = PBXBuildFile; fileRef = D7A21122286F1C8D00918807 /* LabeledText.swift */; };
		D7A21136286F1C8D00918807 /* InputField.swift in Sources */ = {isa = PBXBuildFile; fileRef = D7A21123286F1C8D00918807 /* InputField.swift */; };
		D7A21137286F1C8D00918807 /* SendButton.swift in Sources */ = {isa = PBXBuildFile; fileRef = D7A21124286F1C8D00918807 /* SendButton.swift */; };
		D7A21138286F1C8D00918807 /* LabeledButton.swift in Sources */ = {isa = PBXBuildFile; fileRef = D7A21125286F1C8D00918807 /* LabeledButton.swift */; };
		D7A2113D286F1CAD00918807 /* MapView.swift in Sources */ = {isa = PBXBuildFile; fileRef = D7A2113A286F1CAD00918807 /* MapView.swift */; };
		D7A2113E286F1CAD00918807 /* MapThumbnailWithDelete.swift in Sources */ = {isa = PBXBuildFile; fileRef = D7A2113B286F1CAD00918807 /* MapThumbnailWithDelete.swift */; };
		D7A2113F286F1CAD00918807 /* MapThumbnailWithExpand.swift in Sources */ = {isa = PBXBuildFile; fileRef = D7A2113C286F1CAD00918807 /* MapThumbnailWithExpand.swift */; };
		D7A2114A286F1D3A00918807 /* ConversationCardContentsView.swift in Sources */ = {isa = PBXBuildFile; fileRef = D7A21144286F1D3A00918807 /* ConversationCardContentsView.swift */; };
		D7A2114B286F1D3A00918807 /* ConversationCardView.swift in Sources */ = {isa = PBXBuildFile; fileRef = D7A21145286F1D3A00918807 /* ConversationCardView.swift */; };
		D7A2114C286F1D3A00918807 /* NewConversationView.swift in Sources */ = {isa = PBXBuildFile; fileRef = D7A21146286F1D3A00918807 /* NewConversationView.swift */; };
		D7A2114D286F1D3A00918807 /* MugShotGridView.swift in Sources */ = {isa = PBXBuildFile; fileRef = D7A21147286F1D3A00918807 /* MugShotGridView.swift */; };
		D7A2114E286F1D3A00918807 /* SaveConversationButton.swift in Sources */ = {isa = PBXBuildFile; fileRef = D7A21148286F1D3A00918807 /* SaveConversationButton.swift */; };
		D7A2114F286F1D3A00918807 /* ConversationListView.swift in Sources */ = {isa = PBXBuildFile; fileRef = D7A21149286F1D3A00918807 /* ConversationListView.swift */; };
		D7A21156286F1D4400918807 /* ChatRoomView.swift in Sources */ = {isa = PBXBuildFile; fileRef = D7A21151286F1D4400918807 /* ChatRoomView.swift */; };
		D7A21157286F1D4400918807 /* AuthorView.swift in Sources */ = {isa = PBXBuildFile; fileRef = D7A21152286F1D4400918807 /* AuthorView.swift */; };
		D7A21158286F1D4400918807 /* ChatBubbleView.swift in Sources */ = {isa = PBXBuildFile; fileRef = D7A21153286F1D4400918807 /* ChatBubbleView.swift */; };
		D7A21159286F1D4400918807 /* ChatRoomBubblesView.swift in Sources */ = {isa = PBXBuildFile; fileRef = D7A21154286F1D4400918807 /* ChatRoomBubblesView.swift */; };
		D7A2115A286F1D4400918807 /* ChatInputBox.swift in Sources */ = {isa = PBXBuildFile; fileRef = D7A21155286F1D4400918807 /* ChatInputBox.swift */; };
		D7A2115C286F1D5E00918807 /* SetUserProfileView.swift in Sources */ = {isa = PBXBuildFile; fileRef = D7A2115B286F1D5E00918807 /* SetUserProfileView.swift */; };
		D7A2115E286F1D6500918807 /* UserAvatarView.swift in Sources */ = {isa = PBXBuildFile; fileRef = D7A2115D286F1D6500918807 /* UserAvatarView.swift */; };
		D7A21160286F1E2100918807 /* LocationHelper.swift in Sources */ = {isa = PBXBuildFile; fileRef = D7A2115F286F1E2100918807 /* LocationHelper.swift */; };
		D7A21162286F1E4F00918807 /* CustomProgressView.swift in Sources */ = {isa = PBXBuildFile; fileRef = D7A21161286F1E4F00918807 /* CustomProgressView.swift */; };
		D7A21167286F1FE300918807 /* PreviewOrientation.swift in Sources */ = {isa = PBXBuildFile; fileRef = D7A21163286F1FE300918807 /* PreviewOrientation.swift */; };
		D7A21168286F1FE300918807 /* PreviewColorScheme.swift in Sources */ = {isa = PBXBuildFile; fileRef = D7A21164286F1FE300918807 /* PreviewColorScheme.swift */; };
		D7A21169286F1FE300918807 /* PreviewNoDevice.swift in Sources */ = {isa = PBXBuildFile; fileRef = D7A21165286F1FE300918807 /* PreviewNoDevice.swift */; };
		D7A2116A286F1FE300918807 /* PreviewDevices.swift in Sources */ = {isa = PBXBuildFile; fileRef = D7A21166286F1FE300918807 /* PreviewDevices.swift */; };
		D7A2116C286FF35000918807 /* ModalView.swift in Sources */ = {isa = PBXBuildFile; fileRef = D7A2116B286FF35000918807 /* ModalView.swift */; };
		D7BDC4C8287CFFBD003ADEA5 /* CentreListView.swift in Sources */ = {isa = PBXBuildFile; fileRef = D7BDC4C7287CFFBD003ADEA5 /* CentreListView.swift */; };
		D7BDC4CA287D010F003ADEA5 /* CentreDetailView.swift in Sources */ = {isa = PBXBuildFile; fileRef = D7BDC4C9287D010F003ADEA5 /* CentreDetailView.swift */; };
		D7BDC4CC287F0C87003ADEA5 /* ProcedureRepView.swift in Sources */ = {isa = PBXBuildFile; fileRef = D7BDC4CB287F0C87003ADEA5 /* ProcedureRepView.swift */; };
		D7BDC4CE287F0CA1003ADEA5 /* RevenueRepView.swift in Sources */ = {isa = PBXBuildFile; fileRef = D7BDC4CD287F0CA1003ADEA5 /* RevenueRepView.swift */; };
		D7BDC4D0288283C6003ADEA5 /* AdminView.swift in Sources */ = {isa = PBXBuildFile; fileRef = D7BDC4CF288283C6003ADEA5 /* AdminView.swift */; };
		D7CFE6EE288D58D9000BDE0B /* GradientText2.swift in Sources */ = {isa = PBXBuildFile; fileRef = D7CFE6ED288D58D9000BDE0B /* GradientText2.swift */; };
		D7FFF7182884F554003FD4D6 /* AddCentre.swift in Sources */ = {isa = PBXBuildFile; fileRef = D7FFF7172884F554003FD4D6 /* AddCentre.swift */; };
		D7FFF71A2885906E003FD4D6 /* AddTaskView.swift in Sources */ = {isa = PBXBuildFile; fileRef = D7FFF7192885906E003FD4D6 /* AddTaskView.swift */; };
		D7FFF71C28859408003FD4D6 /* AddProjectsView.swift in Sources */ = {isa = PBXBuildFile; fileRef = D7FFF71B28859407003FD4D6 /* AddProjectsView.swift */; };
		D7FFF71E2885980D003FD4D6 /* TasksView.swift in Sources */ = {isa = PBXBuildFile; fileRef = D7FFF71D2885980D003FD4D6 /* TasksView.swift */; };
		D7FFF72228869E43003FD4D6 /* TaskRow.swift in Sources */ = {isa = PBXBuildFile; fileRef = D7FFF72128869E43003FD4D6 /* TaskRow.swift */; };
/* End PBXBuildFile section */

/* Begin PBXContainerItemProxy section */
		D743C56C286B76D100A42B18 /* PBXContainerItemProxy */ = {
			isa = PBXContainerItemProxy;
			containerPortal = D743C553286B76D000A42B18 /* Project object */;
			proxyType = 1;
			remoteGlobalIDString = D743C55A286B76D000A42B18;
			remoteInfo = ACCV8;
		};
		D743C576286B76D100A42B18 /* PBXContainerItemProxy */ = {
			isa = PBXContainerItemProxy;
			containerPortal = D743C553286B76D000A42B18 /* Project object */;
			proxyType = 1;
			remoteGlobalIDString = D743C55A286B76D000A42B18;
			remoteInfo = ACCV8;
		};
/* End PBXContainerItemProxy section */

/* Begin PBXFileReference section */
		D70E8F952874511700D57D25 /* NavigationBar.swift */ = {isa = PBXFileReference; fileEncoding = 4; lastKnownFileType = sourcecode.swift; path = NavigationBar.swift; sourceTree = "<group>"; };
		D70E8F9728747D2800D57D25 /* ExploreView.swift */ = {isa = PBXFileReference; fileEncoding = 4; lastKnownFileType = sourcecode.swift; path = ExploreView.swift; sourceTree = "<group>"; };
		D743C55B286B76D000A42B18 /* ACCV8.app */ = {isa = PBXFileReference; explicitFileType = wrapper.application; includeInIndex = 0; path = ACCV8.app; sourceTree = BUILT_PRODUCTS_DIR; };
		D743C55E286B76D000A42B18 /* AppEntry.swift */ = {isa = PBXFileReference; lastKnownFileType = sourcecode.swift; path = AppEntry.swift; sourceTree = "<group>"; };
		D743C560286B76D000A42B18 /* ContentView.swift */ = {isa = PBXFileReference; lastKnownFileType = sourcecode.swift; path = ContentView.swift; sourceTree = "<group>"; };
		D743C562286B76D100A42B18 /* Assets.xcassets */ = {isa = PBXFileReference; lastKnownFileType = folder.assetcatalog; path = Assets.xcassets; sourceTree = "<group>"; };
		D743C565286B76D100A42B18 /* Preview Assets.xcassets */ = {isa = PBXFileReference; lastKnownFileType = folder.assetcatalog; path = "Preview Assets.xcassets"; sourceTree = "<group>"; };
		D743C56B286B76D100A42B18 /* ACCV8Tests.xctest */ = {isa = PBXFileReference; explicitFileType = wrapper.cfbundle; includeInIndex = 0; path = ACCV8Tests.xctest; sourceTree = BUILT_PRODUCTS_DIR; };
		D743C56F286B76D100A42B18 /* ACCV8Tests.swift */ = {isa = PBXFileReference; lastKnownFileType = sourcecode.swift; path = ACCV8Tests.swift; sourceTree = "<group>"; };
		D743C575286B76D100A42B18 /* ACCV8UITests.xctest */ = {isa = PBXFileReference; explicitFileType = wrapper.cfbundle; includeInIndex = 0; path = ACCV8UITests.xctest; sourceTree = BUILT_PRODUCTS_DIR; };
		D743C579286B76D100A42B18 /* ACCV8UITests.swift */ = {isa = PBXFileReference; lastKnownFileType = sourcecode.swift; path = ACCV8UITests.swift; sourceTree = "<group>"; };
		D743C57B286B76D100A42B18 /* ACCV8UITestsLaunchTests.swift */ = {isa = PBXFileReference; lastKnownFileType = sourcecode.swift; path = ACCV8UITestsLaunchTests.swift; sourceTree = "<group>"; };
		D79CD2D0287036EE00E7C83E /* GradientTextField.swift */ = {isa = PBXFileReference; lastKnownFileType = sourcecode.swift; path = GradientTextField.swift; sourceTree = "<group>"; };
		D7A2106D286C0E1300918807 /* Reps.swift */ = {isa = PBXFileReference; lastKnownFileType = sourcecode.swift; path = Reps.swift; sourceTree = "<group>"; };
		D7A2106F286C0F5E00918807 /* UserPreferences.swift */ = {isa = PBXFileReference; lastKnownFileType = sourcecode.swift; path = UserPreferences.swift; sourceTree = "<group>"; };
		D7A21071286C0F8200918807 /* Photo.swift */ = {isa = PBXFileReference; lastKnownFileType = sourcecode.swift; path = Photo.swift; sourceTree = "<group>"; };
		D7A21073286C0FB900918807 /* Conversation.swift */ = {isa = PBXFileReference; lastKnownFileType = sourcecode.swift; path = Conversation.swift; sourceTree = "<group>"; };
		D7A21075286C0FEB00918807 /* Member.swift */ = {isa = PBXFileReference; lastKnownFileType = sourcecode.swift; path = Member.swift; sourceTree = "<group>"; };
		D7A21077286C100F00918807 /* Chatster.swift */ = {isa = PBXFileReference; lastKnownFileType = sourcecode.swift; path = Chatster.swift; sourceTree = "<group>"; };
		D7A21079286C306300918807 /* ChatMessage.swift */ = {isa = PBXFileReference; lastKnownFileType = sourcecode.swift; path = ChatMessage.swift; sourceTree = "<group>"; };
		D7A2107B286C30B100918807 /* Procedures.swift */ = {isa = PBXFileReference; lastKnownFileType = sourcecode.swift; path = Procedures.swift; sourceTree = "<group>"; };
		D7A2107D286C311600918807 /* ProcedureReport.swift */ = {isa = PBXFileReference; lastKnownFileType = sourcecode.swift; path = ProcedureReport.swift; sourceTree = "<group>"; };
		D7A2107F286C321100918807 /* RevenueReport.swift */ = {isa = PBXFileReference; lastKnownFileType = sourcecode.swift; path = RevenueReport.swift; sourceTree = "<group>"; };
		D7A21081286C3CD700918807 /* Centre.swift */ = {isa = PBXFileReference; lastKnownFileType = sourcecode.swift; path = Centre.swift; sourceTree = "<group>"; };
		D7A21083286C3D2200918807 /* Coordinates.swift */ = {isa = PBXFileReference; lastKnownFileType = sourcecode.swift; path = Coordinates.swift; sourceTree = "<group>"; };
		D7A21085286C3DCD00918807 /* Projects.swift */ = {isa = PBXFileReference; lastKnownFileType = sourcecode.swift; path = Projects.swift; sourceTree = "<group>"; };
		D7A21087286C3DEE00918807 /* Tasks.swift */ = {isa = PBXFileReference; lastKnownFileType = sourcecode.swift; path = Tasks.swift; sourceTree = "<group>"; };
		D7A2108A286C553900918807 /* OpenRealmView.swift */ = {isa = PBXFileReference; lastKnownFileType = sourcecode.swift; path = OpenRealmView.swift; sourceTree = "<group>"; };
		D7A2108C286C56E500918807 /* LoginView.swift */ = {isa = PBXFileReference; lastKnownFileType = sourcecode.swift; path = LoginView.swift; sourceTree = "<group>"; };
		D7A2108E286C570500918807 /* LoggedInView.swift */ = {isa = PBXFileReference; lastKnownFileType = sourcecode.swift; path = LoggedInView.swift; sourceTree = "<group>"; };
		D7A21090286C578000918807 /* ErrorView.swift */ = {isa = PBXFileReference; lastKnownFileType = sourcecode.swift; path = ErrorView.swift; sourceTree = "<group>"; };
		D7A21092286C57AE00918807 /* LogoutButton.swift */ = {isa = PBXFileReference; lastKnownFileType = sourcecode.swift; path = LogoutButton.swift; sourceTree = "<group>"; };
		D7A21094286D393D00918807 /* VisualEffectBlur.swift */ = {isa = PBXFileReference; lastKnownFileType = sourcecode.swift; path = VisualEffectBlur.swift; sourceTree = "<group>"; };
		D7A21097286D399800918807 /* ImagePicker.swift */ = {isa = PBXFileReference; lastKnownFileType = sourcecode.swift; path = ImagePicker.swift; sourceTree = "<group>"; };
		D7A21099286D3A5600918807 /* SignUpView.swift */ = {isa = PBXFileReference; lastKnownFileType = sourcecode.swift; path = SignUpView.swift; sourceTree = "<group>"; };
		D7A2109C286D7E6500918807 /* GradientText.swift */ = {isa = PBXFileReference; lastKnownFileType = sourcecode.swift; path = GradientText.swift; sourceTree = "<group>"; };
		D7A2109E286DA88600918807 /* GradientButton.swift */ = {isa = PBXFileReference; lastKnownFileType = sourcecode.swift; path = GradientButton.swift; sourceTree = "<group>"; };
		D7A210A0286DACFE00918807 /* TextFieldIcon.swift */ = {isa = PBXFileReference; lastKnownFileType = sourcecode.swift; path = TextFieldIcon.swift; sourceTree = "<group>"; };
		D7A210A2286DAD4500918807 /* GradientIcon.swift */ = {isa = PBXFileReference; lastKnownFileType = sourcecode.swift; path = GradientIcon.swift; sourceTree = "<group>"; };
		D7A210A4286DF70100918807 /* SignInWithAppleButton.swift */ = {isa = PBXFileReference; lastKnownFileType = sourcecode.swift; path = SignInWithAppleButton.swift; sourceTree = "<group>"; };
		D7A210A6286E12A800918807 /* Model.swift */ = {isa = PBXFileReference; lastKnownFileType = sourcecode.swift; path = Model.swift; sourceTree = "<group>"; };
		D7A210A8286E12EA00918807 /* Tab.swift */ = {isa = PBXFileReference; lastKnownFileType = sourcecode.swift; path = Tab.swift; sourceTree = "<group>"; };
		D7A210AA286E192400918807 /* TabBar.swift */ = {isa = PBXFileReference; lastKnownFileType = sourcecode.swift; path = TabBar.swift; sourceTree = "<group>"; };
		D7A210AC286E19F700918807 /* PreferenceKey.swift */ = {isa = PBXFileReference; lastKnownFileType = sourcecode.swift; path = PreferenceKey.swift; sourceTree = "<group>"; };
		D7A210AE286E1AED00918807 /* Modifiers.swift */ = {isa = PBXFileReference; lastKnownFileType = sourcecode.swift; path = Modifiers.swift; sourceTree = "<group>"; };
		D7A210B0286E1B4800918807 /* Animations.swift */ = {isa = PBXFileReference; lastKnownFileType = sourcecode.swift; path = Animations.swift; sourceTree = "<group>"; };
		D7A210B5286E81D700918807 /* ReportsView.swift */ = {isa = PBXFileReference; lastKnownFileType = sourcecode.swift; path = ReportsView.swift; sourceTree = "<group>"; };
		D7A210B7286E820A00918807 /* ChatView.swift */ = {isa = PBXFileReference; lastKnownFileType = sourcecode.swift; path = ChatView.swift; sourceTree = "<group>"; };
		D7A210B9286E822500918807 /* ProjectsView.swift */ = {isa = PBXFileReference; lastKnownFileType = sourcecode.swift; path = ProjectsView.swift; sourceTree = "<group>"; };
		D7A210BD286EABB800918807 /* AnimatableFontModifier.swift */ = {isa = PBXFileReference; lastKnownFileType = sourcecode.swift; path = AnimatableFontModifier.swift; sourceTree = "<group>"; };
		D7A210C0286EACB500918807 /* Course.swift */ = {isa = PBXFileReference; lastKnownFileType = sourcecode.swift; path = Course.swift; sourceTree = "<group>"; };
		D7A210C2286EACEE00918807 /* CourseSection.swift */ = {isa = PBXFileReference; lastKnownFileType = sourcecode.swift; path = CourseSection.swift; sourceTree = "<group>"; };
		D7A210C4286EAD1100918807 /* Topic.swift */ = {isa = PBXFileReference; lastKnownFileType = sourcecode.swift; path = Topic.swift; sourceTree = "<group>"; };
		D7A210C6286EAD3400918807 /* Handbook.swift */ = {isa = PBXFileReference; lastKnownFileType = sourcecode.swift; path = Handbook.swift; sourceTree = "<group>"; };
		D7A210C8286EAE1700918807 /* FeaturedItem.swift */ = {isa = PBXFileReference; lastKnownFileType = sourcecode.swift; path = FeaturedItem.swift; sourceTree = "<group>"; };
		D7A210CA286EAE4800918807 /* SmallCourseItem.swift */ = {isa = PBXFileReference; lastKnownFileType = sourcecode.swift; path = SmallCourseItem.swift; sourceTree = "<group>"; };
		D7A210CC286EAE7200918807 /* HandbookItem.swift */ = {isa = PBXFileReference; lastKnownFileType = sourcecode.swift; path = HandbookItem.swift; sourceTree = "<group>"; };
		D7A210D0286EAEC300918807 /* ListRow.swift */ = {isa = PBXFileReference; lastKnownFileType = sourcecode.swift; path = ListRow.swift; sourceTree = "<group>"; };
		D7A210D2286EAEE700918807 /* SectionRow.swift */ = {isa = PBXFileReference; lastKnownFileType = sourcecode.swift; path = SectionRow.swift; sourceTree = "<group>"; };
		D7A210D4286EAF1600918807 /* CertificateView.swift */ = {isa = PBXFileReference; lastKnownFileType = sourcecode.swift; path = CertificateView.swift; sourceTree = "<group>"; };
		D7A210D6286EB91C00918807 /* AngularButton.swift */ = {isa = PBXFileReference; lastKnownFileType = sourcecode.swift; path = AngularButton.swift; sourceTree = "<group>"; };
		D7A210D8286EB93E00918807 /* CloseButton.swift */ = {isa = PBXFileReference; lastKnownFileType = sourcecode.swift; path = CloseButton.swift; sourceTree = "<group>"; };
		D7A210DA286EB97700918807 /* PlayButton.swift */ = {isa = PBXFileReference; lastKnownFileType = sourcecode.swift; path = PlayButton.swift; sourceTree = "<group>"; };
		D7A210DC286EB99E00918807 /* LogoView.swift */ = {isa = PBXFileReference; lastKnownFileType = sourcecode.swift; path = LogoView.swift; sourceTree = "<group>"; };
		D7A210DE286EB9C300918807 /* CircularView.swift */ = {isa = PBXFileReference; lastKnownFileType = sourcecode.swift; path = CircularView.swift; sourceTree = "<group>"; };
		D7A210E0286EB9E400918807 /* Wave.swift */ = {isa = PBXFileReference; lastKnownFileType = sourcecode.swift; path = Wave.swift; sourceTree = "<group>"; };
		D7A210E2286EBA0D00918807 /* AnimatedBlobView.swift */ = {isa = PBXFileReference; lastKnownFileType = sourcecode.swift; path = AnimatedBlobView.swift; sourceTree = "<group>"; };
		D7A210E4286EBA2A00918807 /* HexagonView.swift */ = {isa = PBXFileReference; lastKnownFileType = sourcecode.swift; path = HexagonView.swift; sourceTree = "<group>"; };
		D7A210E6286EBAB800918807 /* TextFieldModifier.swift */ = {isa = PBXFileReference; lastKnownFileType = sourcecode.swift; path = TextFieldModifier.swift; sourceTree = "<group>"; };
		D7A210E8286EBAF900918807 /* ColorExtension.swift */ = {isa = PBXFileReference; lastKnownFileType = sourcecode.swift; path = ColorExtension.swift; sourceTree = "<group>"; };
		D7A210EA286EBB3F00918807 /* SectionTitleModifier.swift */ = {isa = PBXFileReference; lastKnownFileType = sourcecode.swift; path = SectionTitleModifier.swift; sourceTree = "<group>"; };
		D7A210EC286EBD4B00918807 /* SectionView.swift */ = {isa = PBXFileReference; lastKnownFileType = sourcecode.swift; path = SectionView.swift; sourceTree = "<group>"; };
		D7A210F0286EF14A00918807 /* GradientProfilePicture.swift */ = {isa = PBXFileReference; lastKnownFileType = sourcecode.swift; path = GradientProfilePicture.swift; sourceTree = "<group>"; };
		D7A210F2286F020000918807 /* AccountView.swift */ = {isa = PBXFileReference; lastKnownFileType = sourcecode.swift; path = AccountView.swift; sourceTree = "<group>"; };
		D7A210F6286F146200918807 /* PhotoCaptureController.swift */ = {isa = PBXFileReference; lastKnownFileType = sourcecode.swift; path = PhotoCaptureController.swift; sourceTree = "<group>"; };
		D7A210F9286F16D600918807 /* SampleData.swift */ = {isa = PBXFileReference; lastKnownFileType = sourcecode.swift; path = SampleData.swift; sourceTree = "<group>"; };
		D7A210FB286F18D700918807 /* PreviewHelpers.swift */ = {isa = PBXFileReference; lastKnownFileType = sourcecode.swift; path = PreviewHelpers.swift; sourceTree = "<group>"; };
		D7A210FD286F19D600918807 /* BlankPersonIconView.swift */ = {isa = PBXFileReference; lastKnownFileType = sourcecode.swift; path = BlankPersonIconView.swift; sourceTree = "<group>"; };
		D7A210FF286F1A0700918807 /* AvatarButton.swift */ = {isa = PBXFileReference; lastKnownFileType = sourcecode.swift; path = AvatarButton.swift; sourceTree = "<group>"; };
		D7A21101286F1A4500918807 /* PhotoFullSizeView.swift */ = {isa = PBXFileReference; lastKnownFileType = sourcecode.swift; path = PhotoFullSizeView.swift; sourceTree = "<group>"; };
		D7A21103286F1AA000918807 /* AvatarThumbNailView.swift */ = {isa = PBXFileReference; lastKnownFileType = sourcecode.swift; path = AvatarThumbNailView.swift; sourceTree = "<group>"; };
		D7A21105286F1AD400918807 /* ThumbNailView.swift */ = {isa = PBXFileReference; lastKnownFileType = sourcecode.swift; path = ThumbNailView.swift; sourceTree = "<group>"; };
		D7A21107286F1AFF00918807 /* ThumbnailWithDelete.swift */ = {isa = PBXFileReference; lastKnownFileType = sourcecode.swift; path = ThumbnailWithDelete.swift; sourceTree = "<group>"; };
		D7A21109286F1B3B00918807 /* Thumbnail.swift */ = {isa = PBXFileReference; lastKnownFileType = sourcecode.swift; path = Thumbnail.swift; sourceTree = "<group>"; };
		D7A2110B286F1B5D00918807 /* ThumbnailPhotoView.swift */ = {isa = PBXFileReference; lastKnownFileType = sourcecode.swift; path = ThumbnailPhotoView.swift; sourceTree = "<group>"; };
		D7A2110D286F1B8100918807 /* UIImageThumb.swift */ = {isa = PBXFileReference; lastKnownFileType = sourcecode.swift; path = UIImageThumb.swift; sourceTree = "<group>"; };
		D7A2110F286F1BA900918807 /* ThumbnailWithExpand.swift */ = {isa = PBXFileReference; lastKnownFileType = sourcecode.swift; path = ThumbnailWithExpand.swift; sourceTree = "<group>"; };
		D7A21113286F1C8C00918807 /* OnOffCircleView.swift */ = {isa = PBXFileReference; fileEncoding = 4; lastKnownFileType = sourcecode.swift; path = OnOffCircleView.swift; sourceTree = "<group>"; };
		D7A21114286F1C8C00918807 /* CaptionLabel.swift */ = {isa = PBXFileReference; fileEncoding = 4; lastKnownFileType = sourcecode.swift; path = CaptionLabel.swift; sourceTree = "<group>"; };
		D7A21115286F1C8C00918807 /* ButtonTemplate.swift */ = {isa = PBXFileReference; fileEncoding = 4; lastKnownFileType = sourcecode.swift; path = ButtonTemplate.swift; sourceTree = "<group>"; };
		D7A21116286F1C8C00918807 /* DeleteButton.swift */ = {isa = PBXFileReference; fileEncoding = 4; lastKnownFileType = sourcecode.swift; path = DeleteButton.swift; sourceTree = "<group>"; };
		D7A21117286F1C8C00918807 /* LocationButton.swift */ = {isa = PBXFileReference; fileEncoding = 4; lastKnownFileType = sourcecode.swift; path = LocationButton.swift; sourceTree = "<group>"; };
		D7A21118286F1C8C00918807 /* UserProfileButton.swift */ = {isa = PBXFileReference; fileEncoding = 4; lastKnownFileType = sourcecode.swift; path = UserProfileButton.swift; sourceTree = "<group>"; };
		D7A21119286F1C8D00918807 /* AttachButton.swift */ = {isa = PBXFileReference; fileEncoding = 4; lastKnownFileType = sourcecode.swift; path = AttachButton.swift; sourceTree = "<group>"; };
		D7A2111A286F1C8D00918807 /* CallToActionButton.swift */ = {isa = PBXFileReference; fileEncoding = 4; lastKnownFileType = sourcecode.swift; path = CallToActionButton.swift; sourceTree = "<group>"; };
		D7A2111B286F1C8D00918807 /* OnlineAlertSettings.swift */ = {isa = PBXFileReference; fileEncoding = 4; lastKnownFileType = sourcecode.swift; path = OnlineAlertSettings.swift; sourceTree = "<group>"; };
		D7A2111C286F1C8D00918807 /* BackButton.swift */ = {isa = PBXFileReference; fileEncoding = 4; lastKnownFileType = sourcecode.swift; path = BackButton.swift; sourceTree = "<group>"; };
		D7A2111D286F1C8D00918807 /* CheckBox.swift */ = {isa = PBXFileReference; fileEncoding = 4; lastKnownFileType = sourcecode.swift; path = CheckBox.swift; sourceTree = "<group>"; };
		D7A2111E286F1C8D00918807 /* MarkDown.swift */ = {isa = PBXFileReference; fileEncoding = 4; lastKnownFileType = sourcecode.swift; path = MarkDown.swift; sourceTree = "<group>"; };
		D7A2111F286F1C8D00918807 /* SearchBox.swift */ = {isa = PBXFileReference; fileEncoding = 4; lastKnownFileType = sourcecode.swift; path = SearchBox.swift; sourceTree = "<group>"; };
		D7A21120286F1C8D00918807 /* TextDate.swift */ = {isa = PBXFileReference; fileEncoding = 4; lastKnownFileType = sourcecode.swift; path = TextDate.swift; sourceTree = "<group>"; };
		D7A21121286F1C8D00918807 /* CameraButton.swift */ = {isa = PBXFileReference; fileEncoding = 4; lastKnownFileType = sourcecode.swift; path = CameraButton.swift; sourceTree = "<group>"; };
		D7A21122286F1C8D00918807 /* LabeledText.swift */ = {isa = PBXFileReference; fileEncoding = 4; lastKnownFileType = sourcecode.swift; path = LabeledText.swift; sourceTree = "<group>"; };
		D7A21123286F1C8D00918807 /* InputField.swift */ = {isa = PBXFileReference; fileEncoding = 4; lastKnownFileType = sourcecode.swift; path = InputField.swift; sourceTree = "<group>"; };
		D7A21124286F1C8D00918807 /* SendButton.swift */ = {isa = PBXFileReference; fileEncoding = 4; lastKnownFileType = sourcecode.swift; path = SendButton.swift; sourceTree = "<group>"; };
		D7A21125286F1C8D00918807 /* LabeledButton.swift */ = {isa = PBXFileReference; fileEncoding = 4; lastKnownFileType = sourcecode.swift; path = LabeledButton.swift; sourceTree = "<group>"; };
		D7A2113A286F1CAD00918807 /* MapView.swift */ = {isa = PBXFileReference; fileEncoding = 4; lastKnownFileType = sourcecode.swift; path = MapView.swift; sourceTree = "<group>"; };
		D7A2113B286F1CAD00918807 /* MapThumbnailWithDelete.swift */ = {isa = PBXFileReference; fileEncoding = 4; lastKnownFileType = sourcecode.swift; path = MapThumbnailWithDelete.swift; sourceTree = "<group>"; };
		D7A2113C286F1CAD00918807 /* MapThumbnailWithExpand.swift */ = {isa = PBXFileReference; fileEncoding = 4; lastKnownFileType = sourcecode.swift; path = MapThumbnailWithExpand.swift; sourceTree = "<group>"; };
		D7A21144286F1D3A00918807 /* ConversationCardContentsView.swift */ = {isa = PBXFileReference; fileEncoding = 4; lastKnownFileType = sourcecode.swift; path = ConversationCardContentsView.swift; sourceTree = "<group>"; };
		D7A21145286F1D3A00918807 /* ConversationCardView.swift */ = {isa = PBXFileReference; fileEncoding = 4; lastKnownFileType = sourcecode.swift; path = ConversationCardView.swift; sourceTree = "<group>"; };
		D7A21146286F1D3A00918807 /* NewConversationView.swift */ = {isa = PBXFileReference; fileEncoding = 4; lastKnownFileType = sourcecode.swift; path = NewConversationView.swift; sourceTree = "<group>"; };
		D7A21147286F1D3A00918807 /* MugShotGridView.swift */ = {isa = PBXFileReference; fileEncoding = 4; lastKnownFileType = sourcecode.swift; path = MugShotGridView.swift; sourceTree = "<group>"; };
		D7A21148286F1D3A00918807 /* SaveConversationButton.swift */ = {isa = PBXFileReference; fileEncoding = 4; lastKnownFileType = sourcecode.swift; path = SaveConversationButton.swift; sourceTree = "<group>"; };
		D7A21149286F1D3A00918807 /* ConversationListView.swift */ = {isa = PBXFileReference; fileEncoding = 4; lastKnownFileType = sourcecode.swift; path = ConversationListView.swift; sourceTree = "<group>"; };
		D7A21151286F1D4400918807 /* ChatRoomView.swift */ = {isa = PBXFileReference; fileEncoding = 4; lastKnownFileType = sourcecode.swift; path = ChatRoomView.swift; sourceTree = "<group>"; };
		D7A21152286F1D4400918807 /* AuthorView.swift */ = {isa = PBXFileReference; fileEncoding = 4; lastKnownFileType = sourcecode.swift; path = AuthorView.swift; sourceTree = "<group>"; };
		D7A21153286F1D4400918807 /* ChatBubbleView.swift */ = {isa = PBXFileReference; fileEncoding = 4; lastKnownFileType = sourcecode.swift; path = ChatBubbleView.swift; sourceTree = "<group>"; };
		D7A21154286F1D4400918807 /* ChatRoomBubblesView.swift */ = {isa = PBXFileReference; fileEncoding = 4; lastKnownFileType = sourcecode.swift; path = ChatRoomBubblesView.swift; sourceTree = "<group>"; };
		D7A21155286F1D4400918807 /* ChatInputBox.swift */ = {isa = PBXFileReference; fileEncoding = 4; lastKnownFileType = sourcecode.swift; path = ChatInputBox.swift; sourceTree = "<group>"; };
		D7A2115B286F1D5E00918807 /* SetUserProfileView.swift */ = {isa = PBXFileReference; fileEncoding = 4; lastKnownFileType = sourcecode.swift; path = SetUserProfileView.swift; sourceTree = "<group>"; };
		D7A2115D286F1D6500918807 /* UserAvatarView.swift */ = {isa = PBXFileReference; fileEncoding = 4; lastKnownFileType = sourcecode.swift; path = UserAvatarView.swift; sourceTree = "<group>"; };
		D7A2115F286F1E2100918807 /* LocationHelper.swift */ = {isa = PBXFileReference; lastKnownFileType = sourcecode.swift; path = LocationHelper.swift; sourceTree = "<group>"; };
		D7A21161286F1E4F00918807 /* CustomProgressView.swift */ = {isa = PBXFileReference; lastKnownFileType = sourcecode.swift; path = CustomProgressView.swift; sourceTree = "<group>"; };
		D7A21163286F1FE300918807 /* PreviewOrientation.swift */ = {isa = PBXFileReference; fileEncoding = 4; lastKnownFileType = sourcecode.swift; path = PreviewOrientation.swift; sourceTree = "<group>"; };
		D7A21164286F1FE300918807 /* PreviewColorScheme.swift */ = {isa = PBXFileReference; fileEncoding = 4; lastKnownFileType = sourcecode.swift; path = PreviewColorScheme.swift; sourceTree = "<group>"; };
		D7A21165286F1FE300918807 /* PreviewNoDevice.swift */ = {isa = PBXFileReference; fileEncoding = 4; lastKnownFileType = sourcecode.swift; path = PreviewNoDevice.swift; sourceTree = "<group>"; };
		D7A21166286F1FE300918807 /* PreviewDevices.swift */ = {isa = PBXFileReference; fileEncoding = 4; lastKnownFileType = sourcecode.swift; path = PreviewDevices.swift; sourceTree = "<group>"; };
		D7A2116B286FF35000918807 /* ModalView.swift */ = {isa = PBXFileReference; lastKnownFileType = sourcecode.swift; path = ModalView.swift; sourceTree = "<group>"; };
		D7BDC4C7287CFFBD003ADEA5 /* CentreListView.swift */ = {isa = PBXFileReference; lastKnownFileType = sourcecode.swift; path = CentreListView.swift; sourceTree = "<group>"; };
		D7BDC4C9287D010F003ADEA5 /* CentreDetailView.swift */ = {isa = PBXFileReference; lastKnownFileType = sourcecode.swift; path = CentreDetailView.swift; sourceTree = "<group>"; };
		D7BDC4CB287F0C87003ADEA5 /* ProcedureRepView.swift */ = {isa = PBXFileReference; lastKnownFileType = sourcecode.swift; path = ProcedureRepView.swift; sourceTree = "<group>"; };
		D7BDC4CD287F0CA1003ADEA5 /* RevenueRepView.swift */ = {isa = PBXFileReference; lastKnownFileType = sourcecode.swift; path = RevenueRepView.swift; sourceTree = "<group>"; };
		D7BDC4CF288283C6003ADEA5 /* AdminView.swift */ = {isa = PBXFileReference; lastKnownFileType = sourcecode.swift; path = AdminView.swift; sourceTree = "<group>"; };
		D7CFE6ED288D58D9000BDE0B /* GradientText2.swift */ = {isa = PBXFileReference; lastKnownFileType = sourcecode.swift; path = GradientText2.swift; sourceTree = "<group>"; };
		D7FFF7172884F554003FD4D6 /* AddCentre.swift */ = {isa = PBXFileReference; lastKnownFileType = sourcecode.swift; path = AddCentre.swift; sourceTree = "<group>"; };
		D7FFF7192885906E003FD4D6 /* AddTaskView.swift */ = {isa = PBXFileReference; lastKnownFileType = sourcecode.swift; path = AddTaskView.swift; sourceTree = "<group>"; };
		D7FFF71B28859407003FD4D6 /* AddProjectsView.swift */ = {isa = PBXFileReference; lastKnownFileType = sourcecode.swift; path = AddProjectsView.swift; sourceTree = "<group>"; };
		D7FFF71D2885980D003FD4D6 /* TasksView.swift */ = {isa = PBXFileReference; lastKnownFileType = sourcecode.swift; path = TasksView.swift; sourceTree = "<group>"; };
		D7FFF72128869E43003FD4D6 /* TaskRow.swift */ = {isa = PBXFileReference; lastKnownFileType = sourcecode.swift; path = TaskRow.swift; sourceTree = "<group>"; };
/* End PBXFileReference section */

/* Begin PBXFrameworksBuildPhase section */
		D743C558286B76D000A42B18 /* Frameworks */ = {
			isa = PBXFrameworksBuildPhase;
			buildActionMask = 2147483647;
			files = (
				D7A2106C286C0D5000918807 /* RealmSwift in Frameworks */,
				D7A2106A286C0D5000918807 /* Realm in Frameworks */,
			);
			runOnlyForDeploymentPostprocessing = 0;
		};
		D743C568286B76D100A42B18 /* Frameworks */ = {
			isa = PBXFrameworksBuildPhase;
			buildActionMask = 2147483647;
			files = (
			);
			runOnlyForDeploymentPostprocessing = 0;
		};
		D743C572286B76D100A42B18 /* Frameworks */ = {
			isa = PBXFrameworksBuildPhase;
			buildActionMask = 2147483647;
			files = (
			);
			runOnlyForDeploymentPostprocessing = 0;
		};
/* End PBXFrameworksBuildPhase section */

/* Begin PBXGroup section */
		D743C552286B76D000A42B18 = {
			isa = PBXGroup;
			children = (
				D743C55D286B76D000A42B18 /* ACCV8 */,
				D743C56E286B76D100A42B18 /* ACCV8Tests */,
				D743C578286B76D100A42B18 /* ACCV8UITests */,
				D743C55C286B76D000A42B18 /* Products */,
			);
			sourceTree = "<group>";
		};
		D743C55C286B76D000A42B18 /* Products */ = {
			isa = PBXGroup;
			children = (
				D743C55B286B76D000A42B18 /* ACCV8.app */,
				D743C56B286B76D100A42B18 /* ACCV8Tests.xctest */,
				D743C575286B76D100A42B18 /* ACCV8UITests.xctest */,
			);
			name = Products;
			sourceTree = "<group>";
		};
		D743C55D286B76D000A42B18 /* ACCV8 */ = {
			isa = PBXGroup;
			children = (
				D743C55E286B76D000A42B18 /* AppEntry.swift */,
				D7A210F4286F11D700918807 /* Chat */,
				D7A210BF286EAC9B00918807 /* Design */,
				D7A2109B286D7E4800918807 /* CustomElements */,
				D7A21096286D395900918807 /* Helpers */,
				D7A210B2286E817600918807 /* Views */,
				D7A21089286C470A00918807 /* Models */,
				D743C562286B76D100A42B18 /* Assets.xcassets */,
				D743C564286B76D100A42B18 /* Preview Content */,
			);
			path = ACCV8;
			sourceTree = "<group>";
		};
		D743C564286B76D100A42B18 /* Preview Content */ = {
			isa = PBXGroup;
			children = (
				D743C565286B76D100A42B18 /* Preview Assets.xcassets */,
			);
			path = "Preview Content";
			sourceTree = "<group>";
		};
		D743C56E286B76D100A42B18 /* ACCV8Tests */ = {
			isa = PBXGroup;
			children = (
				D743C56F286B76D100A42B18 /* ACCV8Tests.swift */,
			);
			path = ACCV8Tests;
			sourceTree = "<group>";
		};
		D743C578286B76D100A42B18 /* ACCV8UITests */ = {
			isa = PBXGroup;
			children = (
				D743C579286B76D100A42B18 /* ACCV8UITests.swift */,
				D743C57B286B76D100A42B18 /* ACCV8UITestsLaunchTests.swift */,
			);
			path = ACCV8UITests;
			sourceTree = "<group>";
		};
		D7A21089286C470A00918807 /* Models */ = {
			isa = PBXGroup;
			children = (
				D7A2106D286C0E1300918807 /* Reps.swift */,
				D7A2107B286C30B100918807 /* Procedures.swift */,
				D7A21079286C306300918807 /* ChatMessage.swift */,
				D7A21073286C0FB900918807 /* Conversation.swift */,
				D7A2106F286C0F5E00918807 /* UserPreferences.swift */,
				D7A21071286C0F8200918807 /* Photo.swift */,
				D7A2107F286C321100918807 /* RevenueReport.swift */,
				D7A21075286C0FEB00918807 /* Member.swift */,
				D7A21081286C3CD700918807 /* Centre.swift */,
				D7A21085286C3DCD00918807 /* Projects.swift */,
				D7A21083286C3D2200918807 /* Coordinates.swift */,
				D7A21087286C3DEE00918807 /* Tasks.swift */,
				D7A21077286C100F00918807 /* Chatster.swift */,
				D7A2107D286C311600918807 /* ProcedureReport.swift */,
				D7A210A6286E12A800918807 /* Model.swift */,
			);
			path = Models;
			sourceTree = "<group>";
		};
		D7A21096286D395900918807 /* Helpers */ = {
			isa = PBXGroup;
			children = (
				D7A210AE286E1AED00918807 /* Modifiers.swift */,
				D7A21094286D393D00918807 /* VisualEffectBlur.swift */,
				D7A21097286D399800918807 /* ImagePicker.swift */,
				D7A210AC286E19F700918807 /* PreferenceKey.swift */,
				D7A210B0286E1B4800918807 /* Animations.swift */,
				D7A210E8286EBAF900918807 /* ColorExtension.swift */,
				D7A210F6286F146200918807 /* PhotoCaptureController.swift */,
				D7A2115F286F1E2100918807 /* LocationHelper.swift */,
			);
			path = Helpers;
			sourceTree = "<group>";
		};
		D7A2109B286D7E4800918807 /* CustomElements */ = {
			isa = PBXGroup;
			children = (
				D7A2109C286D7E6500918807 /* GradientText.swift */,
				D7A2109E286DA88600918807 /* GradientButton.swift */,
				D7A210A0286DACFE00918807 /* TextFieldIcon.swift */,
				D7A210A2286DAD4500918807 /* GradientIcon.swift */,
				D7A210A4286DF70100918807 /* SignInWithAppleButton.swift */,
				D7A210A8286E12EA00918807 /* Tab.swift */,
				D7A210AA286E192400918807 /* TabBar.swift */,
				D7A210BD286EABB800918807 /* AnimatableFontModifier.swift */,
				D7A210E6286EBAB800918807 /* TextFieldModifier.swift */,
				D7A210EA286EBB3F00918807 /* SectionTitleModifier.swift */,
				D7A210F0286EF14A00918807 /* GradientProfilePicture.swift */,
				D7A21161286F1E4F00918807 /* CustomProgressView.swift */,
				D79CD2D0287036EE00E7C83E /* GradientTextField.swift */,
				D7CFE6ED288D58D9000BDE0B /* GradientText2.swift */,
			);
			path = CustomElements;
			sourceTree = "<group>";
		};
		D7A210B2286E817600918807 /* Views */ = {
			isa = PBXGroup;
			children = (
				D743C560286B76D000A42B18 /* ContentView.swift */,
				D7A2108A286C553900918807 /* OpenRealmView.swift */,
				D7A2108E286C570500918807 /* LoggedInView.swift */,
				D7A21090286C578000918807 /* ErrorView.swift */,
				D7A21092286C57AE00918807 /* LogoutButton.swift */,
				D7A2108C286C56E500918807 /* LoginView.swift */,
				D7A21099286D3A5600918807 /* SignUpView.swift */,
				D7A210B5286E81D700918807 /* ReportsView.swift */,
				D7A210B7286E820A00918807 /* ChatView.swift */,
				D7A210F2286F020000918807 /* AccountView.swift */,
				D7A2116B286FF35000918807 /* ModalView.swift */,
				D7BDC4C7287CFFBD003ADEA5 /* CentreListView.swift */,
				D7BDC4C9287D010F003ADEA5 /* CentreDetailView.swift */,
				D7BDC4CB287F0C87003ADEA5 /* ProcedureRepView.swift */,
				D7BDC4CD287F0CA1003ADEA5 /* RevenueRepView.swift */,
				D7BDC4CF288283C6003ADEA5 /* AdminView.swift */,
				D7A210B9286E822500918807 /* ProjectsView.swift */,
				D7FFF7172884F554003FD4D6 /* AddCentre.swift */,
				D7FFF7192885906E003FD4D6 /* AddTaskView.swift */,
				D7FFF71B28859407003FD4D6 /* AddProjectsView.swift */,
				D7FFF71D2885980D003FD4D6 /* TasksView.swift */,
				D7FFF72128869E43003FD4D6 /* TaskRow.swift */,
			);
			path = Views;
			sourceTree = "<group>";
		};
		D7A210BF286EAC9B00918807 /* Design */ = {
			isa = PBXGroup;
			children = (
				D70E8F952874511700D57D25 /* NavigationBar.swift */,
				D7A210C0286EACB500918807 /* Course.swift */,
				D7A210C2286EACEE00918807 /* CourseSection.swift */,
				D7A210C4286EAD1100918807 /* Topic.swift */,
				D7A210C6286EAD3400918807 /* Handbook.swift */,
				D7A210C8286EAE1700918807 /* FeaturedItem.swift */,
				D7A210CA286EAE4800918807 /* SmallCourseItem.swift */,
				D7A210CC286EAE7200918807 /* HandbookItem.swift */,
				D7A210D0286EAEC300918807 /* ListRow.swift */,
				D7A210D2286EAEE700918807 /* SectionRow.swift */,
				D7A210D4286EAF1600918807 /* CertificateView.swift */,
				D7A210D6286EB91C00918807 /* AngularButton.swift */,
				D7A210D8286EB93E00918807 /* CloseButton.swift */,
				D7A210DA286EB97700918807 /* PlayButton.swift */,
				D7A210DC286EB99E00918807 /* LogoView.swift */,
				D7A210DE286EB9C300918807 /* CircularView.swift */,
				D7A210E0286EB9E400918807 /* Wave.swift */,
				D7A210E2286EBA0D00918807 /* AnimatedBlobView.swift */,
				D7A210E4286EBA2A00918807 /* HexagonView.swift */,
				D7A210EC286EBD4B00918807 /* SectionView.swift */,
				D70E8F9728747D2800D57D25 /* ExploreView.swift */,
			);
			path = Design;
			sourceTree = "<group>";
		};
		D7A210F4286F11D700918807 /* Chat */ = {
			isa = PBXGroup;
			children = (
				D7A21142286F1D2200918807 /* ChatViews */,
				D7A210F5286F122600918807 /* Pictures */,
				D7A21139286F1CAD00918807 /* Maps */,
				D7A21141286F1CE800918807 /* Elements */,
				D7A210F8286F16A400918807 /* PreviewCustom */,
			);
			path = Chat;
			sourceTree = "<group>";
		};
		D7A210F5286F122600918807 /* Pictures */ = {
			isa = PBXGroup;
			children = (
				D7A210FD286F19D600918807 /* BlankPersonIconView.swift */,
				D7A210FF286F1A0700918807 /* AvatarButton.swift */,
				D7A21101286F1A4500918807 /* PhotoFullSizeView.swift */,
				D7A21103286F1AA000918807 /* AvatarThumbNailView.swift */,
				D7A21105286F1AD400918807 /* ThumbNailView.swift */,
				D7A21107286F1AFF00918807 /* ThumbnailWithDelete.swift */,
				D7A21109286F1B3B00918807 /* Thumbnail.swift */,
				D7A2110B286F1B5D00918807 /* ThumbnailPhotoView.swift */,
				D7A2110D286F1B8100918807 /* UIImageThumb.swift */,
				D7A2110F286F1BA900918807 /* ThumbnailWithExpand.swift */,
			);
			path = Pictures;
			sourceTree = "<group>";
		};
		D7A210F8286F16A400918807 /* PreviewCustom */ = {
			isa = PBXGroup;
			children = (
				D7A21164286F1FE300918807 /* PreviewColorScheme.swift */,
				D7A21166286F1FE300918807 /* PreviewDevices.swift */,
				D7A21165286F1FE300918807 /* PreviewNoDevice.swift */,
				D7A21163286F1FE300918807 /* PreviewOrientation.swift */,
				D7A210F9286F16D600918807 /* SampleData.swift */,
				D7A210FB286F18D700918807 /* PreviewHelpers.swift */,
			);
			path = PreviewCustom;
			sourceTree = "<group>";
		};
		D7A21139286F1CAD00918807 /* Maps */ = {
			isa = PBXGroup;
			children = (
				D7A2113A286F1CAD00918807 /* MapView.swift */,
				D7A2113B286F1CAD00918807 /* MapThumbnailWithDelete.swift */,
				D7A2113C286F1CAD00918807 /* MapThumbnailWithExpand.swift */,
			);
			path = Maps;
			sourceTree = "<group>";
		};
		D7A21141286F1CE800918807 /* Elements */ = {
			isa = PBXGroup;
			children = (
				D7A21119286F1C8D00918807 /* AttachButton.swift */,
				D7A2111C286F1C8D00918807 /* BackButton.swift */,
				D7A21115286F1C8C00918807 /* ButtonTemplate.swift */,
				D7A2111A286F1C8D00918807 /* CallToActionButton.swift */,
				D7A21121286F1C8D00918807 /* CameraButton.swift */,
				D7A21114286F1C8C00918807 /* CaptionLabel.swift */,
				D7A2111D286F1C8D00918807 /* CheckBox.swift */,
				D7A21116286F1C8C00918807 /* DeleteButton.swift */,
				D7A21123286F1C8D00918807 /* InputField.swift */,
				D7A21125286F1C8D00918807 /* LabeledButton.swift */,
				D7A21122286F1C8D00918807 /* LabeledText.swift */,
				D7A21117286F1C8C00918807 /* LocationButton.swift */,
				D7A2111E286F1C8D00918807 /* MarkDown.swift */,
				D7A2111B286F1C8D00918807 /* OnlineAlertSettings.swift */,
				D7A21113286F1C8C00918807 /* OnOffCircleView.swift */,
				D7A2111F286F1C8D00918807 /* SearchBox.swift */,
				D7A21124286F1C8D00918807 /* SendButton.swift */,
				D7A21120286F1C8D00918807 /* TextDate.swift */,
				D7A21118286F1C8C00918807 /* UserProfileButton.swift */,
			);
			path = Elements;
			sourceTree = "<group>";
		};
		D7A21142286F1D2200918807 /* ChatViews */ = {
			isa = PBXGroup;
			children = (
				D7A2115D286F1D6500918807 /* UserAvatarView.swift */,
				D7A2115B286F1D5E00918807 /* SetUserProfileView.swift */,
				D7A21150286F1D4400918807 /* Chat Messages */,
				D7A21143286F1D3A00918807 /* Conversation */,
			);
			path = ChatViews;
			sourceTree = "<group>";
		};
		D7A21143286F1D3A00918807 /* Conversation */ = {
			isa = PBXGroup;
			children = (
				D7A21144286F1D3A00918807 /* ConversationCardContentsView.swift */,
				D7A21145286F1D3A00918807 /* ConversationCardView.swift */,
				D7A21146286F1D3A00918807 /* NewConversationView.swift */,
				D7A21147286F1D3A00918807 /* MugShotGridView.swift */,
				D7A21148286F1D3A00918807 /* SaveConversationButton.swift */,
				D7A21149286F1D3A00918807 /* ConversationListView.swift */,
			);
			path = Conversation;
			sourceTree = "<group>";
		};
		D7A21150286F1D4400918807 /* Chat Messages */ = {
			isa = PBXGroup;
			children = (
				D7A21151286F1D4400918807 /* ChatRoomView.swift */,
				D7A21152286F1D4400918807 /* AuthorView.swift */,
				D7A21153286F1D4400918807 /* ChatBubbleView.swift */,
				D7A21154286F1D4400918807 /* ChatRoomBubblesView.swift */,
				D7A21155286F1D4400918807 /* ChatInputBox.swift */,
			);
			path = "Chat Messages";
			sourceTree = "<group>";
		};
/* End PBXGroup section */

/* Begin PBXNativeTarget section */
		D743C55A286B76D000A42B18 /* ACCV8 */ = {
			isa = PBXNativeTarget;
			buildConfigurationList = D743C57F286B76D100A42B18 /* Build configuration list for PBXNativeTarget "ACCV8" */;
			buildPhases = (
				D743C557286B76D000A42B18 /* Sources */,
				D743C558286B76D000A42B18 /* Frameworks */,
				D743C559286B76D000A42B18 /* Resources */,
			);
			buildRules = (
			);
			dependencies = (
			);
			name = ACCV8;
			packageProductDependencies = (
				D7A21069286C0D5000918807 /* Realm */,
				D7A2106B286C0D5000918807 /* RealmSwift */,
			);
			productName = ACCV8;
			productReference = D743C55B286B76D000A42B18 /* ACCV8.app */;
			productType = "com.apple.product-type.application";
		};
		D743C56A286B76D100A42B18 /* ACCV8Tests */ = {
			isa = PBXNativeTarget;
			buildConfigurationList = D743C582286B76D100A42B18 /* Build configuration list for PBXNativeTarget "ACCV8Tests" */;
			buildPhases = (
				D743C567286B76D100A42B18 /* Sources */,
				D743C568286B76D100A42B18 /* Frameworks */,
				D743C569286B76D100A42B18 /* Resources */,
			);
			buildRules = (
			);
			dependencies = (
				D743C56D286B76D100A42B18 /* PBXTargetDependency */,
			);
			name = ACCV8Tests;
			productName = ACCV8Tests;
			productReference = D743C56B286B76D100A42B18 /* ACCV8Tests.xctest */;
			productType = "com.apple.product-type.bundle.unit-test";
		};
		D743C574286B76D100A42B18 /* ACCV8UITests */ = {
			isa = PBXNativeTarget;
			buildConfigurationList = D743C585286B76D100A42B18 /* Build configuration list for PBXNativeTarget "ACCV8UITests" */;
			buildPhases = (
				D743C571286B76D100A42B18 /* Sources */,
				D743C572286B76D100A42B18 /* Frameworks */,
				D743C573286B76D100A42B18 /* Resources */,
			);
			buildRules = (
			);
			dependencies = (
				D743C577286B76D100A42B18 /* PBXTargetDependency */,
			);
			name = ACCV8UITests;
			productName = ACCV8UITests;
			productReference = D743C575286B76D100A42B18 /* ACCV8UITests.xctest */;
			productType = "com.apple.product-type.bundle.ui-testing";
		};
/* End PBXNativeTarget section */

/* Begin PBXProject section */
		D743C553286B76D000A42B18 /* Project object */ = {
			isa = PBXProject;
			attributes = {
				BuildIndependentTargetsInParallel = 1;
				LastSwiftUpdateCheck = 1340;
				LastUpgradeCheck = 1340;
				TargetAttributes = {
					D743C55A286B76D000A42B18 = {
						CreatedOnToolsVersion = 13.4.1;
					};
					D743C56A286B76D100A42B18 = {
						CreatedOnToolsVersion = 13.4.1;
						TestTargetID = D743C55A286B76D000A42B18;
					};
					D743C574286B76D100A42B18 = {
						CreatedOnToolsVersion = 13.4.1;
						TestTargetID = D743C55A286B76D000A42B18;
					};
				};
			};
			buildConfigurationList = D743C556286B76D000A42B18 /* Build configuration list for PBXProject "ACCV8" */;
			compatibilityVersion = "Xcode 13.0";
			developmentRegion = en;
			hasScannedForEncodings = 0;
			knownRegions = (
				en,
				Base,
			);
			mainGroup = D743C552286B76D000A42B18;
			packageReferences = (
				D7A21068286C0D5000918807 /* XCRemoteSwiftPackageReference "realm-swift" */,
			);
			productRefGroup = D743C55C286B76D000A42B18 /* Products */;
			projectDirPath = "";
			projectRoot = "";
			targets = (
				D743C55A286B76D000A42B18 /* ACCV8 */,
				D743C56A286B76D100A42B18 /* ACCV8Tests */,
				D743C574286B76D100A42B18 /* ACCV8UITests */,
			);
		};
/* End PBXProject section */

/* Begin PBXResourcesBuildPhase section */
		D743C559286B76D000A42B18 /* Resources */ = {
			isa = PBXResourcesBuildPhase;
			buildActionMask = 2147483647;
			files = (
				D743C566286B76D100A42B18 /* Preview Assets.xcassets in Resources */,
				D743C563286B76D100A42B18 /* Assets.xcassets in Resources */,
			);
			runOnlyForDeploymentPostprocessing = 0;
		};
		D743C569286B76D100A42B18 /* Resources */ = {
			isa = PBXResourcesBuildPhase;
			buildActionMask = 2147483647;
			files = (
			);
			runOnlyForDeploymentPostprocessing = 0;
		};
		D743C573286B76D100A42B18 /* Resources */ = {
			isa = PBXResourcesBuildPhase;
			buildActionMask = 2147483647;
			files = (
			);
			runOnlyForDeploymentPostprocessing = 0;
		};
/* End PBXResourcesBuildPhase section */

/* Begin PBXSourcesBuildPhase section */
		D743C557286B76D000A42B18 /* Sources */ = {
			isa = PBXSourcesBuildPhase;
			buildActionMask = 2147483647;
			files = (
				D7A210E3286EBA0D00918807 /* AnimatedBlobView.swift in Sources */,
				D7A210B8286E820A00918807 /* ChatView.swift in Sources */,
				D7A2107A286C306300918807 /* ChatMessage.swift in Sources */,
				D7A21126286F1C8D00918807 /* OnOffCircleView.swift in Sources */,
				D7A210CB286EAE4800918807 /* SmallCourseItem.swift in Sources */,
				D7A21157286F1D4400918807 /* AuthorView.swift in Sources */,
				D7A21110286F1BA900918807 /* ThumbnailWithExpand.swift in Sources */,
				D7A21093286C57AE00918807 /* LogoutButton.swift in Sources */,
				D7A21074286C0FB900918807 /* Conversation.swift in Sources */,
				D7A21167286F1FE300918807 /* PreviewOrientation.swift in Sources */,
				D7A21168286F1FE300918807 /* PreviewColorScheme.swift in Sources */,
				D7A21135286F1C8D00918807 /* LabeledText.swift in Sources */,
				D7A21102286F1A4500918807 /* PhotoFullSizeView.swift in Sources */,
				D7A2113F286F1CAD00918807 /* MapThumbnailWithExpand.swift in Sources */,
				D7A2108F286C570500918807 /* LoggedInView.swift in Sources */,
				D7A21169286F1FE300918807 /* PreviewNoDevice.swift in Sources */,
				D7A210E1286EB9E400918807 /* Wave.swift in Sources */,
				D7A2109A286D3A5600918807 /* SignUpView.swift in Sources */,
				D7A2106E286C0E1300918807 /* Reps.swift in Sources */,
				D7A210F1286EF14A00918807 /* GradientProfilePicture.swift in Sources */,
				D7A2114E286F1D3A00918807 /* SaveConversationButton.swift in Sources */,
				D7A210B1286E1B4800918807 /* Animations.swift in Sources */,
				D7A21082286C3CD700918807 /* Centre.swift in Sources */,
				D7FFF71E2885980D003FD4D6 /* TasksView.swift in Sources */,
				D7A210B6286E81D700918807 /* ReportsView.swift in Sources */,
				D7A21132286F1C8D00918807 /* SearchBox.swift in Sources */,
				D7A210A9286E12EA00918807 /* Tab.swift in Sources */,
				D7A2107C286C30B100918807 /* Procedures.swift in Sources */,
				D7A21128286F1C8D00918807 /* ButtonTemplate.swift in Sources */,
				D70E8F9828747D2800D57D25 /* ExploreView.swift in Sources */,
				D7A21130286F1C8D00918807 /* CheckBox.swift in Sources */,
				D7A21138286F1C8D00918807 /* LabeledButton.swift in Sources */,
				D70E8F962874511700D57D25 /* NavigationBar.swift in Sources */,
				D7A21080286C321100918807 /* RevenueReport.swift in Sources */,
				D7A210D5286EAF1600918807 /* CertificateView.swift in Sources */,
				D7A21131286F1C8D00918807 /* MarkDown.swift in Sources */,
				D7A210D1286EAEC300918807 /* ListRow.swift in Sources */,
				D7A2114B286F1D3A00918807 /* ConversationCardView.swift in Sources */,
				D7A210DB286EB97700918807 /* PlayButton.swift in Sources */,
				D7A21129286F1C8D00918807 /* DeleteButton.swift in Sources */,
				D7A210C5286EAD1100918807 /* Topic.swift in Sources */,
				D7BDC4CA287D010F003ADEA5 /* CentreDetailView.swift in Sources */,
				D7A21070286C0F5E00918807 /* UserPreferences.swift in Sources */,
				D7A21108286F1AFF00918807 /* ThumbnailWithDelete.swift in Sources */,
				D743C561286B76D000A42B18 /* ContentView.swift in Sources */,
				D7A2114D286F1D3A00918807 /* MugShotGridView.swift in Sources */,
				D7A21137286F1C8D00918807 /* SendButton.swift in Sources */,
				D7A210AD286E19F700918807 /* PreferenceKey.swift in Sources */,
				D743C55F286B76D000A42B18 /* AppEntry.swift in Sources */,
				D7A2113D286F1CAD00918807 /* MapView.swift in Sources */,
				D7A210C3286EACEE00918807 /* CourseSection.swift in Sources */,
				D7FFF7182884F554003FD4D6 /* AddCentre.swift in Sources */,
				D7A210BA286E822500918807 /* ProjectsView.swift in Sources */,
				D7A21162286F1E4F00918807 /* CustomProgressView.swift in Sources */,
				D7BDC4D0288283C6003ADEA5 /* AdminView.swift in Sources */,
				D7A2108B286C553900918807 /* OpenRealmView.swift in Sources */,
				D7A21156286F1D4400918807 /* ChatRoomView.swift in Sources */,
				D7A210ED286EBD4B00918807 /* SectionView.swift in Sources */,
				D7A21084286C3D2200918807 /* Coordinates.swift in Sources */,
				D7A21098286D399800918807 /* ImagePicker.swift in Sources */,
				D7A2115A286F1D4400918807 /* ChatInputBox.swift in Sources */,
				D7A210E7286EBAB800918807 /* TextFieldModifier.swift in Sources */,
				D7A210A7286E12A800918807 /* Model.swift in Sources */,
				D7A210FE286F19D600918807 /* BlankPersonIconView.swift in Sources */,
				D7A2112A286F1C8D00918807 /* LocationButton.swift in Sources */,
				D7A2113E286F1CAD00918807 /* MapThumbnailWithDelete.swift in Sources */,
				D7A2114A286F1D3A00918807 /* ConversationCardContentsView.swift in Sources */,
				D7A210D3286EAEE700918807 /* SectionRow.swift in Sources */,
				D7FFF72228869E43003FD4D6 /* TaskRow.swift in Sources */,
				D79CD2D1287036EE00E7C83E /* GradientTextField.swift in Sources */,
				D7A2115C286F1D5E00918807 /* SetUserProfileView.swift in Sources */,
				D7A210D7286EB91C00918807 /* AngularButton.swift in Sources */,
				D7A210D9286EB93E00918807 /* CloseButton.swift in Sources */,
				D7A2112C286F1C8D00918807 /* AttachButton.swift in Sources */,
				D7A210F3286F020000918807 /* AccountView.swift in Sources */,
				D7A21100286F1A0700918807 /* AvatarButton.swift in Sources */,
				D7A2112D286F1C8D00918807 /* CallToActionButton.swift in Sources */,
				D7A21095286D393D00918807 /* VisualEffectBlur.swift in Sources */,
				D7BDC4C8287CFFBD003ADEA5 /* CentreListView.swift in Sources */,
				D7A210C7286EAD3400918807 /* Handbook.swift in Sources */,
				D7A21133286F1C8D00918807 /* TextDate.swift in Sources */,
				D7A21106286F1AD400918807 /* ThumbNailView.swift in Sources */,
				D7A21158286F1D4400918807 /* ChatBubbleView.swift in Sources */,
				D7A2115E286F1D6500918807 /* UserAvatarView.swift in Sources */,
				D7A2109D286D7E6500918807 /* GradientText.swift in Sources */,
				D7A210AB286E192400918807 /* TabBar.swift in Sources */,
				D7A2116A286F1FE300918807 /* PreviewDevices.swift in Sources */,
				D7A21076286C0FEB00918807 /* Member.swift in Sources */,
				D7A2108D286C56E500918807 /* LoginView.swift in Sources */,
				D7A21159286F1D4400918807 /* ChatRoomBubblesView.swift in Sources */,
				D7A210FA286F16D600918807 /* SampleData.swift in Sources */,
				D7A210E5286EBA2A00918807 /* HexagonView.swift in Sources */,
				D7A2107E286C311600918807 /* ProcedureReport.swift in Sources */,
				D7A21091286C578000918807 /* ErrorView.swift in Sources */,
				D7A210CD286EAE7200918807 /* HandbookItem.swift in Sources */,
				D7A21088286C3DEE00918807 /* Tasks.swift in Sources */,
				D7A210A5286DF70100918807 /* SignInWithAppleButton.swift in Sources */,
				D7A21086286C3DCD00918807 /* Projects.swift in Sources */,
				D7A210F7286F146200918807 /* PhotoCaptureController.swift in Sources */,
				D7A21160286F1E2100918807 /* LocationHelper.swift in Sources */,
				D7BDC4CC287F0C87003ADEA5 /* ProcedureRepView.swift in Sources */,
				D7A210AF286E1AED00918807 /* Modifiers.swift in Sources */,
				D7A21127286F1C8D00918807 /* CaptionLabel.swift in Sources */,
				D7A2114F286F1D3A00918807 /* ConversationListView.swift in Sources */,
				D7A210A1286DACFE00918807 /* TextFieldIcon.swift in Sources */,
				D7BDC4CE287F0CA1003ADEA5 /* RevenueRepView.swift in Sources */,
				D7A21104286F1AA000918807 /* AvatarThumbNailView.swift in Sources */,
				D7A210BE286EABB800918807 /* AnimatableFontModifier.swift in Sources */,
				D7A2110E286F1B8100918807 /* UIImageThumb.swift in Sources */,
				D7A210DF286EB9C300918807 /* CircularView.swift in Sources */,
				D7FFF71A2885906E003FD4D6 /* AddTaskView.swift in Sources */,
				D7A210C1286EACB500918807 /* Course.swift in Sources */,
				D7A2110C286F1B5D00918807 /* ThumbnailPhotoView.swift in Sources */,
				D7A21134286F1C8D00918807 /* CameraButton.swift in Sources */,
				D7A2112E286F1C8D00918807 /* OnlineAlertSettings.swift in Sources */,
				D7A210EB286EBB3F00918807 /* SectionTitleModifier.swift in Sources */,
				D7A210FC286F18D700918807 /* PreviewHelpers.swift in Sources */,
				D7A2114C286F1D3A00918807 /* NewConversationView.swift in Sources */,
				D7A21136286F1C8D00918807 /* InputField.swift in Sources */,
				D7A210E9286EBAF900918807 /* ColorExtension.swift in Sources */,
				D7FFF71C28859408003FD4D6 /* AddProjectsView.swift in Sources */,
				D7A210A3286DAD4500918807 /* GradientIcon.swift in Sources */,
				D7A2109F286DA88600918807 /* GradientButton.swift in Sources */,
				D7A21072286C0F8200918807 /* Photo.swift in Sources */,
				D7A210DD286EB99E00918807 /* LogoView.swift in Sources */,
				D7A210C9286EAE1700918807 /* FeaturedItem.swift in Sources */,
				D7A21078286C100F00918807 /* Chatster.swift in Sources */,
				D7A2116C286FF35000918807 /* ModalView.swift in Sources */,
				D7A2112B286F1C8D00918807 /* UserProfileButton.swift in Sources */,
				D7A2112F286F1C8D00918807 /* BackButton.swift in Sources */,
				D7A2110A286F1B3B00918807 /* Thumbnail.swift in Sources */,
				D7CFE6EE288D58D9000BDE0B /* GradientText2.swift in Sources */,
			);
			runOnlyForDeploymentPostprocessing = 0;
		};
		D743C567286B76D100A42B18 /* Sources */ = {
			isa = PBXSourcesBuildPhase;
			buildActionMask = 2147483647;
			files = (
				D743C570286B76D100A42B18 /* ACCV8Tests.swift in Sources */,
			);
			runOnlyForDeploymentPostprocessing = 0;
		};
		D743C571286B76D100A42B18 /* Sources */ = {
			isa = PBXSourcesBuildPhase;
			buildActionMask = 2147483647;
			files = (
				D743C57C286B76D100A42B18 /* ACCV8UITestsLaunchTests.swift in Sources */,
				D743C57A286B76D100A42B18 /* ACCV8UITests.swift in Sources */,
			);
			runOnlyForDeploymentPostprocessing = 0;
		};
/* End PBXSourcesBuildPhase section */

/* Begin PBXTargetDependency section */
		D743C56D286B76D100A42B18 /* PBXTargetDependency */ = {
			isa = PBXTargetDependency;
			target = D743C55A286B76D000A42B18 /* ACCV8 */;
			targetProxy = D743C56C286B76D100A42B18 /* PBXContainerItemProxy */;
		};
		D743C577286B76D100A42B18 /* PBXTargetDependency */ = {
			isa = PBXTargetDependency;
			target = D743C55A286B76D000A42B18 /* ACCV8 */;
			targetProxy = D743C576286B76D100A42B18 /* PBXContainerItemProxy */;
		};
/* End PBXTargetDependency section */

/* Begin XCBuildConfiguration section */
		D743C57D286B76D100A42B18 /* Debug */ = {
			isa = XCBuildConfiguration;
			buildSettings = {
				ALWAYS_SEARCH_USER_PATHS = NO;
				CLANG_ANALYZER_NONNULL = YES;
				CLANG_ANALYZER_NUMBER_OBJECT_CONVERSION = YES_AGGRESSIVE;
				CLANG_CXX_LANGUAGE_STANDARD = "gnu++17";
				CLANG_ENABLE_MODULES = YES;
				CLANG_ENABLE_OBJC_ARC = YES;
				CLANG_ENABLE_OBJC_WEAK = YES;
				CLANG_WARN_BLOCK_CAPTURE_AUTORELEASING = YES;
				CLANG_WARN_BOOL_CONVERSION = YES;
				CLANG_WARN_COMMA = YES;
				CLANG_WARN_CONSTANT_CONVERSION = YES;
				CLANG_WARN_DEPRECATED_OBJC_IMPLEMENTATIONS = YES;
				CLANG_WARN_DIRECT_OBJC_ISA_USAGE = YES_ERROR;
				CLANG_WARN_DOCUMENTATION_COMMENTS = YES;
				CLANG_WARN_EMPTY_BODY = YES;
				CLANG_WARN_ENUM_CONVERSION = YES;
				CLANG_WARN_INFINITE_RECURSION = YES;
				CLANG_WARN_INT_CONVERSION = YES;
				CLANG_WARN_NON_LITERAL_NULL_CONVERSION = YES;
				CLANG_WARN_OBJC_IMPLICIT_RETAIN_SELF = YES;
				CLANG_WARN_OBJC_LITERAL_CONVERSION = YES;
				CLANG_WARN_OBJC_ROOT_CLASS = YES_ERROR;
				CLANG_WARN_QUOTED_INCLUDE_IN_FRAMEWORK_HEADER = YES;
				CLANG_WARN_RANGE_LOOP_ANALYSIS = YES;
				CLANG_WARN_STRICT_PROTOTYPES = YES;
				CLANG_WARN_SUSPICIOUS_MOVE = YES;
				CLANG_WARN_UNGUARDED_AVAILABILITY = YES_AGGRESSIVE;
				CLANG_WARN_UNREACHABLE_CODE = YES;
				CLANG_WARN__DUPLICATE_METHOD_MATCH = YES;
				COPY_PHASE_STRIP = NO;
				DEBUG_INFORMATION_FORMAT = dwarf;
				ENABLE_STRICT_OBJC_MSGSEND = YES;
				ENABLE_TESTABILITY = YES;
				GCC_C_LANGUAGE_STANDARD = gnu11;
				GCC_DYNAMIC_NO_PIC = NO;
				GCC_NO_COMMON_BLOCKS = YES;
				GCC_OPTIMIZATION_LEVEL = 0;
				GCC_PREPROCESSOR_DEFINITIONS = (
					"DEBUG=1",
					"$(inherited)",
				);
				GCC_WARN_64_TO_32_BIT_CONVERSION = YES;
				GCC_WARN_ABOUT_RETURN_TYPE = YES_ERROR;
				GCC_WARN_UNDECLARED_SELECTOR = YES;
				GCC_WARN_UNINITIALIZED_AUTOS = YES_AGGRESSIVE;
				GCC_WARN_UNUSED_FUNCTION = YES;
				GCC_WARN_UNUSED_VARIABLE = YES;
				IPHONEOS_DEPLOYMENT_TARGET = 15.0;
				MTL_ENABLE_DEBUG_INFO = INCLUDE_SOURCE;
				MTL_FAST_MATH = YES;
				ONLY_ACTIVE_ARCH = YES;
				SDKROOT = iphoneos;
				SWIFT_ACTIVE_COMPILATION_CONDITIONS = DEBUG;
				SWIFT_OPTIMIZATION_LEVEL = "-Onone";
			};
			name = Debug;
		};
		D743C57E286B76D100A42B18 /* Release */ = {
			isa = XCBuildConfiguration;
			buildSettings = {
				ALWAYS_SEARCH_USER_PATHS = NO;
				CLANG_ANALYZER_NONNULL = YES;
				CLANG_ANALYZER_NUMBER_OBJECT_CONVERSION = YES_AGGRESSIVE;
				CLANG_CXX_LANGUAGE_STANDARD = "gnu++17";
				CLANG_ENABLE_MODULES = YES;
				CLANG_ENABLE_OBJC_ARC = YES;
				CLANG_ENABLE_OBJC_WEAK = YES;
				CLANG_WARN_BLOCK_CAPTURE_AUTORELEASING = YES;
				CLANG_WARN_BOOL_CONVERSION = YES;
				CLANG_WARN_COMMA = YES;
				CLANG_WARN_CONSTANT_CONVERSION = YES;
				CLANG_WARN_DEPRECATED_OBJC_IMPLEMENTATIONS = YES;
				CLANG_WARN_DIRECT_OBJC_ISA_USAGE = YES_ERROR;
				CLANG_WARN_DOCUMENTATION_COMMENTS = YES;
				CLANG_WARN_EMPTY_BODY = YES;
				CLANG_WARN_ENUM_CONVERSION = YES;
				CLANG_WARN_INFINITE_RECURSION = YES;
				CLANG_WARN_INT_CONVERSION = YES;
				CLANG_WARN_NON_LITERAL_NULL_CONVERSION = YES;
				CLANG_WARN_OBJC_IMPLICIT_RETAIN_SELF = YES;
				CLANG_WARN_OBJC_LITERAL_CONVERSION = YES;
				CLANG_WARN_OBJC_ROOT_CLASS = YES_ERROR;
				CLANG_WARN_QUOTED_INCLUDE_IN_FRAMEWORK_HEADER = YES;
				CLANG_WARN_RANGE_LOOP_ANALYSIS = YES;
				CLANG_WARN_STRICT_PROTOTYPES = YES;
				CLANG_WARN_SUSPICIOUS_MOVE = YES;
				CLANG_WARN_UNGUARDED_AVAILABILITY = YES_AGGRESSIVE;
				CLANG_WARN_UNREACHABLE_CODE = YES;
				CLANG_WARN__DUPLICATE_METHOD_MATCH = YES;
				COPY_PHASE_STRIP = NO;
				DEBUG_INFORMATION_FORMAT = "dwarf-with-dsym";
				ENABLE_NS_ASSERTIONS = NO;
				ENABLE_STRICT_OBJC_MSGSEND = YES;
				GCC_C_LANGUAGE_STANDARD = gnu11;
				GCC_NO_COMMON_BLOCKS = YES;
				GCC_WARN_64_TO_32_BIT_CONVERSION = YES;
				GCC_WARN_ABOUT_RETURN_TYPE = YES_ERROR;
				GCC_WARN_UNDECLARED_SELECTOR = YES;
				GCC_WARN_UNINITIALIZED_AUTOS = YES_AGGRESSIVE;
				GCC_WARN_UNUSED_FUNCTION = YES;
				GCC_WARN_UNUSED_VARIABLE = YES;
				IPHONEOS_DEPLOYMENT_TARGET = 15.0;
				MTL_ENABLE_DEBUG_INFO = NO;
				MTL_FAST_MATH = YES;
				SDKROOT = iphoneos;
				SWIFT_COMPILATION_MODE = wholemodule;
				SWIFT_OPTIMIZATION_LEVEL = "-O";
				VALIDATE_PRODUCT = YES;
			};
			name = Release;
		};
		D743C580286B76D100A42B18 /* Debug */ = {
			isa = XCBuildConfiguration;
			buildSettings = {
				ASSETCATALOG_COMPILER_APPICON_NAME = AppIcon;
				ASSETCATALOG_COMPILER_GLOBAL_ACCENT_COLOR_NAME = AccentColor;
				CODE_SIGN_STYLE = Automatic;
				CURRENT_PROJECT_VERSION = 1;
				DEVELOPMENT_ASSET_PATHS = "\"ACCV8/Preview Content\"";
				DEVELOPMENT_TEAM = GWS577L2NX;
				ENABLE_PREVIEWS = YES;
				GENERATE_INFOPLIST_FILE = YES;
				INFOPLIST_KEY_UIApplicationSceneManifest_Generation = YES;
				INFOPLIST_KEY_UIApplicationSupportsIndirectInputEvents = YES;
				INFOPLIST_KEY_UILaunchScreen_Generation = YES;
				INFOPLIST_KEY_UISupportedInterfaceOrientations_iPad = "UIInterfaceOrientationPortrait UIInterfaceOrientationPortraitUpsideDown UIInterfaceOrientationLandscapeLeft UIInterfaceOrientationLandscapeRight";
				INFOPLIST_KEY_UISupportedInterfaceOrientations_iPhone = "UIInterfaceOrientationPortrait UIInterfaceOrientationLandscapeLeft UIInterfaceOrientationLandscapeRight";
				IPHONEOS_DEPLOYMENT_TARGET = 15.5;
				LD_RUNPATH_SEARCH_PATHS = (
					"$(inherited)",
					"@executable_path/Frameworks",
				);
				MARKETING_VERSION = 1.0;
				PRODUCT_BUNDLE_IDENTIFIER = com.mssandhu.ACCV8;
				PRODUCT_NAME = "$(TARGET_NAME)";
				SWIFT_EMIT_LOC_STRINGS = YES;
				SWIFT_VERSION = 5.0;
				TARGETED_DEVICE_FAMILY = "1,2";
			};
			name = Debug;
		};
		D743C581286B76D100A42B18 /* Release */ = {
			isa = XCBuildConfiguration;
			buildSettings = {
				ASSETCATALOG_COMPILER_APPICON_NAME = AppIcon;
				ASSETCATALOG_COMPILER_GLOBAL_ACCENT_COLOR_NAME = AccentColor;
				CODE_SIGN_STYLE = Automatic;
				CURRENT_PROJECT_VERSION = 1;
				DEVELOPMENT_ASSET_PATHS = "\"ACCV8/Preview Content\"";
				DEVELOPMENT_TEAM = GWS577L2NX;
				ENABLE_PREVIEWS = YES;
				GENERATE_INFOPLIST_FILE = YES;
				INFOPLIST_KEY_UIApplicationSceneManifest_Generation = YES;
				INFOPLIST_KEY_UIApplicationSupportsIndirectInputEvents = YES;
				INFOPLIST_KEY_UILaunchScreen_Generation = YES;
				INFOPLIST_KEY_UISupportedInterfaceOrientations_iPad = "UIInterfaceOrientationPortrait UIInterfaceOrientationPortraitUpsideDown UIInterfaceOrientationLandscapeLeft UIInterfaceOrientationLandscapeRight";
				INFOPLIST_KEY_UISupportedInterfaceOrientations_iPhone = "UIInterfaceOrientationPortrait UIInterfaceOrientationLandscapeLeft UIInterfaceOrientationLandscapeRight";
				IPHONEOS_DEPLOYMENT_TARGET = 15.5;
				LD_RUNPATH_SEARCH_PATHS = (
					"$(inherited)",
					"@executable_path/Frameworks",
				);
				MARKETING_VERSION = 1.0;
				PRODUCT_BUNDLE_IDENTIFIER = com.mssandhu.ACCV8;
				PRODUCT_NAME = "$(TARGET_NAME)";
				SWIFT_EMIT_LOC_STRINGS = YES;
				SWIFT_VERSION = 5.0;
				TARGETED_DEVICE_FAMILY = "1,2";
			};
			name = Release;
		};
		D743C583286B76D100A42B18 /* Debug */ = {
			isa = XCBuildConfiguration;
			buildSettings = {
				ALWAYS_EMBED_SWIFT_STANDARD_LIBRARIES = YES;
				BUNDLE_LOADER = "$(TEST_HOST)";
				CODE_SIGN_STYLE = Automatic;
				CURRENT_PROJECT_VERSION = 1;
				DEVELOPMENT_TEAM = GWS577L2NX;
				GENERATE_INFOPLIST_FILE = YES;
				IPHONEOS_DEPLOYMENT_TARGET = 15.5;
				MARKETING_VERSION = 1.0;
				PRODUCT_BUNDLE_IDENTIFIER = com.mssandhu.ACCV8Tests;
				PRODUCT_NAME = "$(TARGET_NAME)";
				SWIFT_EMIT_LOC_STRINGS = NO;
				SWIFT_VERSION = 5.0;
				TARGETED_DEVICE_FAMILY = "1,2";
				TEST_HOST = "$(BUILT_PRODUCTS_DIR)/ACCV8.app/ACCV8";
			};
			name = Debug;
		};
		D743C584286B76D100A42B18 /* Release */ = {
			isa = XCBuildConfiguration;
			buildSettings = {
				ALWAYS_EMBED_SWIFT_STANDARD_LIBRARIES = YES;
				BUNDLE_LOADER = "$(TEST_HOST)";
				CODE_SIGN_STYLE = Automatic;
				CURRENT_PROJECT_VERSION = 1;
				DEVELOPMENT_TEAM = GWS577L2NX;
				GENERATE_INFOPLIST_FILE = YES;
				IPHONEOS_DEPLOYMENT_TARGET = 15.5;
				MARKETING_VERSION = 1.0;
				PRODUCT_BUNDLE_IDENTIFIER = com.mssandhu.ACCV8Tests;
				PRODUCT_NAME = "$(TARGET_NAME)";
				SWIFT_EMIT_LOC_STRINGS = NO;
				SWIFT_VERSION = 5.0;
				TARGETED_DEVICE_FAMILY = "1,2";
				TEST_HOST = "$(BUILT_PRODUCTS_DIR)/ACCV8.app/ACCV8";
			};
			name = Release;
		};
		D743C586286B76D100A42B18 /* Debug */ = {
			isa = XCBuildConfiguration;
			buildSettings = {
				ALWAYS_EMBED_SWIFT_STANDARD_LIBRARIES = YES;
				CODE_SIGN_STYLE = Automatic;
				CURRENT_PROJECT_VERSION = 1;
				DEVELOPMENT_TEAM = GWS577L2NX;
				GENERATE_INFOPLIST_FILE = YES;
				MARKETING_VERSION = 1.0;
				PRODUCT_BUNDLE_IDENTIFIER = com.mssandhu.ACCV8UITests;
				PRODUCT_NAME = "$(TARGET_NAME)";
				SWIFT_EMIT_LOC_STRINGS = NO;
				SWIFT_VERSION = 5.0;
				TARGETED_DEVICE_FAMILY = "1,2";
				TEST_TARGET_NAME = ACCV8;
			};
			name = Debug;
		};
		D743C587286B76D100A42B18 /* Release */ = {
			isa = XCBuildConfiguration;
			buildSettings = {
				ALWAYS_EMBED_SWIFT_STANDARD_LIBRARIES = YES;
				CODE_SIGN_STYLE = Automatic;
				CURRENT_PROJECT_VERSION = 1;
				DEVELOPMENT_TEAM = GWS577L2NX;
				GENERATE_INFOPLIST_FILE = YES;
				MARKETING_VERSION = 1.0;
				PRODUCT_BUNDLE_IDENTIFIER = com.mssandhu.ACCV8UITests;
				PRODUCT_NAME = "$(TARGET_NAME)";
				SWIFT_EMIT_LOC_STRINGS = NO;
				SWIFT_VERSION = 5.0;
				TARGETED_DEVICE_FAMILY = "1,2";
				TEST_TARGET_NAME = ACCV8;
			};
			name = Release;
		};
/* End XCBuildConfiguration section */

/* Begin XCConfigurationList section */
		D743C556286B76D000A42B18 /* Build configuration list for PBXProject "ACCV8" */ = {
			isa = XCConfigurationList;
			buildConfigurations = (
				D743C57D286B76D100A42B18 /* Debug */,
				D743C57E286B76D100A42B18 /* Release */,
			);
			defaultConfigurationIsVisible = 0;
			defaultConfigurationName = Release;
		};
		D743C57F286B76D100A42B18 /* Build configuration list for PBXNativeTarget "ACCV8" */ = {
			isa = XCConfigurationList;
			buildConfigurations = (
				D743C580286B76D100A42B18 /* Debug */,
				D743C581286B76D100A42B18 /* Release */,
			);
			defaultConfigurationIsVisible = 0;
			defaultConfigurationName = Release;
		};
		D743C582286B76D100A42B18 /* Build configuration list for PBXNativeTarget "ACCV8Tests" */ = {
			isa = XCConfigurationList;
			buildConfigurations = (
				D743C583286B76D100A42B18 /* Debug */,
				D743C584286B76D100A42B18 /* Release */,
			);
			defaultConfigurationIsVisible = 0;
			defaultConfigurationName = Release;
		};
		D743C585286B76D100A42B18 /* Build configuration list for PBXNativeTarget "ACCV8UITests" */ = {
			isa = XCConfigurationList;
			buildConfigurations = (
				D743C586286B76D100A42B18 /* Debug */,
				D743C587286B76D100A42B18 /* Release */,
			);
			defaultConfigurationIsVisible = 0;
			defaultConfigurationName = Release;
		};
/* End XCConfigurationList section */

/* Begin XCRemoteSwiftPackageReference section */
		D7A21068286C0D5000918807 /* XCRemoteSwiftPackageReference "realm-swift" */ = {
			isa = XCRemoteSwiftPackageReference;
			repositoryURL = "https://github.com/realm/realm-swift.git";
			requirement = {
				branch = master;
				kind = branch;
			};
		};
/* End XCRemoteSwiftPackageReference section */

/* Begin XCSwiftPackageProductDependency section */
		D7A21069286C0D5000918807 /* Realm */ = {
			isa = XCSwiftPackageProductDependency;
			package = D7A21068286C0D5000918807 /* XCRemoteSwiftPackageReference "realm-swift" */;
			productName = Realm;
		};
		D7A2106B286C0D5000918807 /* RealmSwift */ = {
			isa = XCSwiftPackageProductDependency;
			package = D7A21068286C0D5000918807 /* XCRemoteSwiftPackageReference "realm-swift" */;
			productName = RealmSwift;
		};
/* End XCSwiftPackageProductDependency section */
	};
	rootObject = D743C553286B76D000A42B18 /* Project object */;
}
